// !$*UTF8*$!
{
	archiveVersion = 1;
	classes = {
	};
	objectVersion = 50;
	objects = {

/* Begin PBXBuildFile section */
		36189B79170B1B17A56B4A8E /* Pods_Pachatary.framework in Frameworks */ = {isa = PBXBuildFile; fileRef = 2F75C0457AE10B772911DA00 /* Pods_Pachatary.framework */; };
		5120C255D2A1A3E4DC1DBDC6 /* Pods_PachataryTests.framework in Frameworks */ = {isa = PBXBuildFile; fileRef = EC6EE34BE667A62DEA5D3592 /* Pods_PachataryTests.framework */; };
		721696F24410FC2F2C54AAEE /* Pods_PachataryUITests.framework in Frameworks */ = {isa = PBXBuildFile; fileRef = B2ACA8339ABA2B763112FF08 /* Pods_PachataryUITests.framework */; };
		AE0B27AE20E67D110060D923 /* ExperienceMapPresenter.swift in Sources */ = {isa = PBXBuildFile; fileRef = AE0B27AD20E67D110060D923 /* ExperienceMapPresenter.swift */; };
		AE0C676C20E122F500E4BFA0 /* PaginationLoaderViewCell.swift in Sources */ = {isa = PBXBuildFile; fileRef = AE0C676B20E122F500E4BFA0 /* PaginationLoaderViewCell.swift */; };
		AE1429EE20D28E8300175B0B /* Single+NetworkResponseTransformerTests.swift in Sources */ = {isa = PBXBuildFile; fileRef = AE1429ED20D28E8300175B0B /* Single+NetworkResponseTransformerTests.swift */; };
		AE1D6D1D20C55AA400EA6DDD /* ExtendedExperienceTableViewCell.swift in Sources */ = {isa = PBXBuildFile; fileRef = AE1D6D1C20C55AA400EA6DDD /* ExtendedExperienceTableViewCell.swift */; };
		AE1D6D1F20C5707300EA6DDD /* Experience.swift in Sources */ = {isa = PBXBuildFile; fileRef = AE1D6D1E20C5707300EA6DDD /* Experience.swift */; };
		AE1D6D2120C5712E00EA6DDD /* BigPicture.swift in Sources */ = {isa = PBXBuildFile; fileRef = AE1D6D2020C5712E00EA6DDD /* BigPicture.swift */; };
		AE218B8520E2789E00E79E51 /* ExperienceMapView.swift in Sources */ = {isa = PBXBuildFile; fileRef = AE218B8420E2789E00E79E51 /* ExperienceMapView.swift */; };
		AE3116E520EB8F8500720A95 /* ExtendedExperienceTableViewCell.xib in Resources */ = {isa = PBXBuildFile; fileRef = AE3116E320EB8F8500720A95 /* ExtendedExperienceTableViewCell.xib */; };
		AE3116E720EBD2FC00720A95 /* ExperienceRepoMock.swift in Sources */ = {isa = PBXBuildFile; fileRef = AE3116E620EBD2FC00720A95 /* ExperienceRepoMock.swift */; };
		AE3BE3BB211A142500D10A19 /* RootViewController.swift in Sources */ = {isa = PBXBuildFile; fileRef = AE3BE3BA211A142500D10A19 /* RootViewController.swift */; };
		AE3BE3BE211A154C00D10A19 /* WelcomeView.swift in Sources */ = {isa = PBXBuildFile; fileRef = AE3BE3BD211A154C00D10A19 /* WelcomeView.swift */; };
		AE598BA820EA464600F3DBA9 /* ExperienceScenesView.swift in Sources */ = {isa = PBXBuildFile; fileRef = AE598BA720EA464600F3DBA9 /* ExperienceScenesView.swift */; };
		AE598BAA20EA4A9800F3DBA9 /* SceneTableViewCell.swift in Sources */ = {isa = PBXBuildFile; fileRef = AE598BA920EA4A9800F3DBA9 /* SceneTableViewCell.swift */; };
		AE598BAC20EA4CD800F3DBA9 /* ExperienceScenesPresenter.swift in Sources */ = {isa = PBXBuildFile; fileRef = AE598BAB20EA4CD800F3DBA9 /* ExperienceScenesPresenter.swift */; };
		AE598BAE20EA4DBC00F3DBA9 /* SceneDependencyInjector.swift in Sources */ = {isa = PBXBuildFile; fileRef = AE598BAD20EA4DBC00F3DBA9 /* SceneDependencyInjector.swift */; };
		AE598BB120EA79C200F3DBA9 /* ExperienceScenesPresenterTests.swift in Sources */ = {isa = PBXBuildFile; fileRef = AE598BB020EA79C100F3DBA9 /* ExperienceScenesPresenterTests.swift */; };
		AE598BB320EA7A1000F3DBA9 /* SceneRepoMock.swift in Sources */ = {isa = PBXBuildFile; fileRef = AE598BB220EA7A1000F3DBA9 /* SceneRepoMock.swift */; };
		AE61DA8620C68F6400CFEE00 /* ExperienceApiRepository.swift in Sources */ = {isa = PBXBuildFile; fileRef = AE61DA8520C68F6400CFEE00 /* ExperienceApiRepository.swift */; };
		AE61DA8820C6967800CFEE00 /* ExperienceApi.swift in Sources */ = {isa = PBXBuildFile; fileRef = AE61DA8720C6967800CFEE00 /* ExperienceApi.swift */; };
		AE6911CF20E78D0A00A05679 /* ExperienceMapPresenterTests.swift in Sources */ = {isa = PBXBuildFile; fileRef = AE6911CE20E78D0A00A05679 /* ExperienceMapPresenterTests.swift */; };
		AE6C279E20D12D1B00C5F59F /* Single+NetworkResponseTransformer.swift in Sources */ = {isa = PBXBuildFile; fileRef = AE6C279D20D12D1B00C5F59F /* Single+NetworkResponseTransformer.swift */; };
		AE6C27A020D1324600C5F59F /* ToDomainMapper.swift in Sources */ = {isa = PBXBuildFile; fileRef = AE6C279F20D1324600C5F59F /* ToDomainMapper.swift */; };
		AE6F8B6720DA50BD007CC36A /* ResultCacheTests.swift in Sources */ = {isa = PBXBuildFile; fileRef = AE6F8B6620DA50BD007CC36A /* ResultCacheTests.swift */; };
		AE6F8B6920DA5F0D007CC36A /* ConnectableObservableType+Autoconnect.swift in Sources */ = {isa = PBXBuildFile; fileRef = AE6F8B6820DA5F0D007CC36A /* ConnectableObservableType+Autoconnect.swift */; };
		AE6F8B6B20DABA3D007CC36A /* Requester.swift in Sources */ = {isa = PBXBuildFile; fileRef = AE6F8B6A20DABA3D007CC36A /* Requester.swift */; };
		AE6F8B6D20DABB21007CC36A /* Request.swift in Sources */ = {isa = PBXBuildFile; fileRef = AE6F8B6C20DABB21007CC36A /* Request.swift */; };
		AE6F8B6F20DAC6A0007CC36A /* RequesterTests.swift in Sources */ = {isa = PBXBuildFile; fileRef = AE6F8B6E20DAC6A0007CC36A /* RequesterTests.swift */; };
		AE73C7BF20CE80E200B05DA2 /* AuthApiRepositoryTests.swift in Sources */ = {isa = PBXBuildFile; fileRef = AE73C7BE20CE80E200B05DA2 /* AuthApiRepositoryTests.swift */; };
		AE73C7C220CE83F600B05DA2 /* POST_people.json in Resources */ = {isa = PBXBuildFile; fileRef = AE73C7C120CE83F600B05DA2 /* POST_people.json */; };
		AE761EDC20C9268B00F80F9D /* ExperienceApiRepositoryTests.swift in Sources */ = {isa = PBXBuildFile; fileRef = AE761EDB20C9268B00F80F9D /* ExperienceApiRepositoryTests.swift */; };
		AE80DE7C20CEE0CB00A170F6 /* AuthRepositoryTests.swift in Sources */ = {isa = PBXBuildFile; fileRef = AE80DE7B20CEE0CB00A170F6 /* AuthRepositoryTests.swift */; };
		AE86639420D7D22F008CE6D2 /* AppDataDependencyInjector.swift in Sources */ = {isa = PBXBuildFile; fileRef = AE86639320D7D22F008CE6D2 /* AppDataDependencyInjector.swift */; };
		AE86639620D7D3B5008CE6D2 /* AuthDataDependencyInjector.swift in Sources */ = {isa = PBXBuildFile; fileRef = AE86639520D7D3B5008CE6D2 /* AuthDataDependencyInjector.swift */; };
		AE86639820D7D4A1008CE6D2 /* AppPresentationDependencyInjector.swift in Sources */ = {isa = PBXBuildFile; fileRef = AE86639720D7D4A1008CE6D2 /* AppPresentationDependencyInjector.swift */; };
		AE86639A20D7D4D5008CE6D2 /* ExperienceDataDependencyInjector.swift in Sources */ = {isa = PBXBuildFile; fileRef = AE86639920D7D4D5008CE6D2 /* ExperienceDataDependencyInjector.swift */; };
		AE868AC420C7D4EF009AAF93 /* ExploreExperiencesPresenter.swift in Sources */ = {isa = PBXBuildFile; fileRef = AE868AC320C7D4EF009AAF93 /* ExploreExperiencesPresenter.swift */; };
		AE89AC2C20C7E5A100443C23 /* ExperienceDependencyInjector.swift in Sources */ = {isa = PBXBuildFile; fileRef = AE89AC2B20C7E5A100443C23 /* ExperienceDependencyInjector.swift */; };
		AE89AC2E20C7EC0E00443C23 /* ExploreExperiencesPresenterTests.swift in Sources */ = {isa = PBXBuildFile; fileRef = AE89AC2D20C7EC0E00443C23 /* ExploreExperiencesPresenterTests.swift */; };
		AEA0EE5620CFB98A0040E4C9 /* Result.swift in Sources */ = {isa = PBXBuildFile; fileRef = AEA0EE5520CFB98A0040E4C9 /* Result.swift */; };
		AEA5662521132F6A00F0E1F3 /* Profile.swift in Sources */ = {isa = PBXBuildFile; fileRef = AEA5662421132F6A00F0E1F3 /* Profile.swift */; };
		AEA56627211331D400F0E1F3 /* LittlePicture.swift in Sources */ = {isa = PBXBuildFile; fileRef = AEA56626211331D400F0E1F3 /* LittlePicture.swift */; };
		AEA566292113328400F0E1F3 /* LittlePictureMapper.swift in Sources */ = {isa = PBXBuildFile; fileRef = AEA566282113328400F0E1F3 /* LittlePictureMapper.swift */; };
		AEA5662B2113369D00F0E1F3 /* ProfileMapper.swift in Sources */ = {isa = PBXBuildFile; fileRef = AEA5662A2113369D00F0E1F3 /* ProfileMapper.swift */; };
		AEA5662D2113756300F0E1F3 /* ExperienceDetailTableViewCell.xib in Resources */ = {isa = PBXBuildFile; fileRef = AEA5662C2113756300F0E1F3 /* ExperienceDetailTableViewCell.xib */; };
		AEA5662F211375B100F0E1F3 /* ExperienceDetailTableViewCell.swift in Sources */ = {isa = PBXBuildFile; fileRef = AEA5662E211375B100F0E1F3 /* ExperienceDetailTableViewCell.swift */; };
		AEAE26A820E284AC00E5D4E9 /* Scene.swift in Sources */ = {isa = PBXBuildFile; fileRef = AEAE26A720E284AC00E5D4E9 /* Scene.swift */; };
		AEAE26AA20E285AA00E5D4E9 /* SceneRepository.swift in Sources */ = {isa = PBXBuildFile; fileRef = AEAE26A920E285AA00E5D4E9 /* SceneRepository.swift */; };
		AEAE26AC20E2860A00E5D4E9 /* SceneApi.swift in Sources */ = {isa = PBXBuildFile; fileRef = AEAE26AB20E2860A00E5D4E9 /* SceneApi.swift */; };
		AEAE26AE20E2881A00E5D4E9 /* String+UrlEncoding.swift in Sources */ = {isa = PBXBuildFile; fileRef = AEAE26AD20E2881A00E5D4E9 /* String+UrlEncoding.swift */; };
		AEAE26B020E2885900E5D4E9 /* SceneApiRepository.swift in Sources */ = {isa = PBXBuildFile; fileRef = AEAE26AF20E2885900E5D4E9 /* SceneApiRepository.swift */; };
		AEAE26B220E288C500E5D4E9 /* SceneMapper.swift in Sources */ = {isa = PBXBuildFile; fileRef = AEAE26B120E288C500E5D4E9 /* SceneMapper.swift */; };
		AEAE26B420E28E3200E5D4E9 /* SceneDataDependencyInjector.swift in Sources */ = {isa = PBXBuildFile; fileRef = AEAE26B320E28E3200E5D4E9 /* SceneDataDependencyInjector.swift */; };
		AEAE26B720E29D6700E5D4E9 /* GET_scenes_experience_id.json in Resources */ = {isa = PBXBuildFile; fileRef = AEAE26B620E29D6700E5D4E9 /* GET_scenes_experience_id.json */; };
		AEAE26B920E29DD600E5D4E9 /* SceneApiRepositoryTests.swift in Sources */ = {isa = PBXBuildFile; fileRef = AEAE26B820E29DD600E5D4E9 /* SceneApiRepositoryTests.swift */; };
		AEB326B120C6EDAA000E07D8 /* ExperienceMapper.swift in Sources */ = {isa = PBXBuildFile; fileRef = AEB326B020C6EDAA000E07D8 /* ExperienceMapper.swift */; };
		AEB326B320C6F26D000E07D8 /* PaginatedListResultMapper.swift in Sources */ = {isa = PBXBuildFile; fileRef = AEB326B220C6F26D000E07D8 /* PaginatedListResultMapper.swift */; };
		AEB326B520C6F819000E07D8 /* BigPictureMapper.swift in Sources */ = {isa = PBXBuildFile; fileRef = AEB326B420C6F819000E07D8 /* BigPictureMapper.swift */; };
		AEB6A66420DBE4C000F936DB /* ExperienceRepository.swift in Sources */ = {isa = PBXBuildFile; fileRef = AEB6A66320DBE4C000F936DB /* ExperienceRepository.swift */; };
		AEB6A66620DBFDA900F936DB /* ExperienceRepositoryTests.swift in Sources */ = {isa = PBXBuildFile; fileRef = AEB6A66520DBFDA900F936DB /* ExperienceRepositoryTests.swift */; };
		AEBB629C20C547D3001A4576 /* AppDelegate.swift in Sources */ = {isa = PBXBuildFile; fileRef = AEBB629B20C547D3001A4576 /* AppDelegate.swift */; };
		AEBB629E20C547D3001A4576 /* ExploreExperiencesView.swift in Sources */ = {isa = PBXBuildFile; fileRef = AEBB629D20C547D3001A4576 /* ExploreExperiencesView.swift */; };
		AEBB62A120C547D3001A4576 /* Main.storyboard in Resources */ = {isa = PBXBuildFile; fileRef = AEBB629F20C547D3001A4576 /* Main.storyboard */; };
		AEBB62A320C547D6001A4576 /* Assets.xcassets in Resources */ = {isa = PBXBuildFile; fileRef = AEBB62A220C547D6001A4576 /* Assets.xcassets */; };
		AEBB62A620C547D6001A4576 /* LaunchScreen.storyboard in Resources */ = {isa = PBXBuildFile; fileRef = AEBB62A420C547D6001A4576 /* LaunchScreen.storyboard */; };
		AEBB62BC20C547D6001A4576 /* PachataryUITests.swift in Sources */ = {isa = PBXBuildFile; fileRef = AEBB62BB20C547D6001A4576 /* PachataryUITests.swift */; };
		AEDB0DB5211B37F9004F843E /* WelcomePresenter.swift in Sources */ = {isa = PBXBuildFile; fileRef = AEDB0DB4211B37F9004F843E /* WelcomePresenter.swift */; };
		AEDB0DB7211B3996004F843E /* PersonDependencyInjector.swift in Sources */ = {isa = PBXBuildFile; fileRef = AEDB0DB6211B3996004F843E /* PersonDependencyInjector.swift */; };
		AEDB0DBB211B3FAC004F843E /* WelcomePresenterTests.swift in Sources */ = {isa = PBXBuildFile; fileRef = AEDB0DBA211B3FAC004F843E /* WelcomePresenterTests.swift */; };
		AEDB0DBD211B4342004F843E /* AuthRepoMock.swift in Sources */ = {isa = PBXBuildFile; fileRef = AEDB0DBC211B4342004F843E /* AuthRepoMock.swift */; };
		AEDB0DBF211B4CB6004F843E /* Person.storyboard in Resources */ = {isa = PBXBuildFile; fileRef = AEDB0DBE211B4CB6004F843E /* Person.storyboard */; };
		AEE1528A20D94E3E008707FF /* SingleResultMapper.swift in Sources */ = {isa = PBXBuildFile; fileRef = AEE1528920D94E3E008707FF /* SingleResultMapper.swift */; };
		AEE1528E20D96DC6008707FF /* ToResultMapper.swift in Sources */ = {isa = PBXBuildFile; fileRef = AEE1528D20D96DC6008707FF /* ToResultMapper.swift */; };
		AEE1529020D98395008707FF /* ResultCache.swift in Sources */ = {isa = PBXBuildFile; fileRef = AEE1528F20D98395008707FF /* ResultCache.swift */; };
		AEE1529220D983DB008707FF /* Identifiable.swift in Sources */ = {isa = PBXBuildFile; fileRef = AEE1529120D983DB008707FF /* Identifiable.swift */; };
		AEE47BE620E3A83A001DAB31 /* SceneRepositoryTests.swift in Sources */ = {isa = PBXBuildFile; fileRef = AEE47BE520E3A83A001DAB31 /* SceneRepositoryTests.swift */; };
		AEEAC68320C94904007C17EE /* GET_experiences_search.json in Resources */ = {isa = PBXBuildFile; fileRef = AEEAC68220C94904007C17EE /* GET_experiences_search.json */; };
		AEEAC69020C99979007C17EE /* ApiKeys.plist in Resources */ = {isa = PBXBuildFile; fileRef = AEEAC68E20C99963007C17EE /* ApiKeys.plist */; };
		AEEC749220CA74AD00B86837 /* AuthStorageRepository.swift in Sources */ = {isa = PBXBuildFile; fileRef = AEEC749120CA74AD00B86837 /* AuthStorageRepository.swift */; };
		AEEC749420CA751D00B86837 /* AuthToken.swift in Sources */ = {isa = PBXBuildFile; fileRef = AEEC749320CA751D00B86837 /* AuthToken.swift */; };
		AEEC749620CA780F00B86837 /* DataError.swift in Sources */ = {isa = PBXBuildFile; fileRef = AEEC749520CA780F00B86837 /* DataError.swift */; };
		AEEC749920CAADD000B86837 /* AuthStorageRepositoryTests.swift in Sources */ = {isa = PBXBuildFile; fileRef = AEEC749820CAADD000B86837 /* AuthStorageRepositoryTests.swift */; };
		AEEC749B20CAC9B300B86837 /* AuthApiRepository.swift in Sources */ = {isa = PBXBuildFile; fileRef = AEEC749A20CAC9B300B86837 /* AuthApiRepository.swift */; };
		AEEC749D20CACA5A00B86837 /* AuthApi.swift in Sources */ = {isa = PBXBuildFile; fileRef = AEEC749C20CACA5A00B86837 /* AuthApi.swift */; };
		AEEC749F20CACCD800B86837 /* AuthTokenMapper.swift in Sources */ = {isa = PBXBuildFile; fileRef = AEEC749E20CACCD800B86837 /* AuthTokenMapper.swift */; };
		AEEC74A120CACF0F00B86837 /* AuthRepository.swift in Sources */ = {isa = PBXBuildFile; fileRef = AEEC74A020CACF0F00B86837 /* AuthRepository.swift */; };
		AEEC74A320CADB8C00B86837 /* AuthHeaderPlugin.swift in Sources */ = {isa = PBXBuildFile; fileRef = AEEC74A220CADB8C00B86837 /* AuthHeaderPlugin.swift */; };
		AEEC74A520CAE0BF00B86837 /* ClientVersionPlugin.swift in Sources */ = {isa = PBXBuildFile; fileRef = AEEC74A420CAE0BF00B86837 /* ClientVersionPlugin.swift */; };
/* End PBXBuildFile section */

/* Begin PBXContainerItemProxy section */
		AEBB62AD20C547D6001A4576 /* PBXContainerItemProxy */ = {
			isa = PBXContainerItemProxy;
			containerPortal = AEBB629020C547D3001A4576 /* Project object */;
			proxyType = 1;
			remoteGlobalIDString = AEBB629720C547D3001A4576;
			remoteInfo = Pachatary;
		};
		AEBB62B820C547D6001A4576 /* PBXContainerItemProxy */ = {
			isa = PBXContainerItemProxy;
			containerPortal = AEBB629020C547D3001A4576 /* Project object */;
			proxyType = 1;
			remoteGlobalIDString = AEBB629720C547D3001A4576;
			remoteInfo = Pachatary;
		};
/* End PBXContainerItemProxy section */

/* Begin PBXFileReference section */
		1DFE72F63DF3E7507D4FF8B8 /* Pods-PachataryUITests.debug.xcconfig */ = {isa = PBXFileReference; includeInIndex = 1; lastKnownFileType = text.xcconfig; name = "Pods-PachataryUITests.debug.xcconfig"; path = "Pods/Target Support Files/Pods-PachataryUITests/Pods-PachataryUITests.debug.xcconfig"; sourceTree = "<group>"; };
		2F75C0457AE10B772911DA00 /* Pods_Pachatary.framework */ = {isa = PBXFileReference; explicitFileType = wrapper.framework; includeInIndex = 0; path = Pods_Pachatary.framework; sourceTree = BUILT_PRODUCTS_DIR; };
		386DAF74E9D4D63994E5E77E /* Pods-PachataryUITests.release.xcconfig */ = {isa = PBXFileReference; includeInIndex = 1; lastKnownFileType = text.xcconfig; name = "Pods-PachataryUITests.release.xcconfig"; path = "Pods/Target Support Files/Pods-PachataryUITests/Pods-PachataryUITests.release.xcconfig"; sourceTree = "<group>"; };
		AE0B27AD20E67D110060D923 /* ExperienceMapPresenter.swift */ = {isa = PBXFileReference; lastKnownFileType = sourcecode.swift; path = ExperienceMapPresenter.swift; sourceTree = "<group>"; };
		AE0C676B20E122F500E4BFA0 /* PaginationLoaderViewCell.swift */ = {isa = PBXFileReference; lastKnownFileType = sourcecode.swift; path = PaginationLoaderViewCell.swift; sourceTree = "<group>"; };
		AE1429ED20D28E8300175B0B /* Single+NetworkResponseTransformerTests.swift */ = {isa = PBXFileReference; lastKnownFileType = sourcecode.swift; path = "Single+NetworkResponseTransformerTests.swift"; sourceTree = "<group>"; };
		AE1D6D1C20C55AA400EA6DDD /* ExtendedExperienceTableViewCell.swift */ = {isa = PBXFileReference; lastKnownFileType = sourcecode.swift; path = ExtendedExperienceTableViewCell.swift; sourceTree = "<group>"; };
		AE1D6D1E20C5707300EA6DDD /* Experience.swift */ = {isa = PBXFileReference; lastKnownFileType = sourcecode.swift; path = Experience.swift; sourceTree = "<group>"; };
		AE1D6D2020C5712E00EA6DDD /* BigPicture.swift */ = {isa = PBXFileReference; lastKnownFileType = sourcecode.swift; path = BigPicture.swift; sourceTree = "<group>"; };
		AE218B8420E2789E00E79E51 /* ExperienceMapView.swift */ = {isa = PBXFileReference; lastKnownFileType = sourcecode.swift; path = ExperienceMapView.swift; sourceTree = "<group>"; };
		AE3116E320EB8F8500720A95 /* ExtendedExperienceTableViewCell.xib */ = {isa = PBXFileReference; lastKnownFileType = file.xib; path = ExtendedExperienceTableViewCell.xib; sourceTree = "<group>"; };
		AE3116E620EBD2FC00720A95 /* ExperienceRepoMock.swift */ = {isa = PBXFileReference; lastKnownFileType = sourcecode.swift; path = ExperienceRepoMock.swift; sourceTree = "<group>"; };
		AE3BE3BA211A142500D10A19 /* RootViewController.swift */ = {isa = PBXFileReference; lastKnownFileType = sourcecode.swift; path = RootViewController.swift; sourceTree = "<group>"; };
		AE3BE3BD211A154C00D10A19 /* WelcomeView.swift */ = {isa = PBXFileReference; lastKnownFileType = sourcecode.swift; path = WelcomeView.swift; sourceTree = "<group>"; };
		AE598BA720EA464600F3DBA9 /* ExperienceScenesView.swift */ = {isa = PBXFileReference; lastKnownFileType = sourcecode.swift; path = ExperienceScenesView.swift; sourceTree = "<group>"; };
		AE598BA920EA4A9800F3DBA9 /* SceneTableViewCell.swift */ = {isa = PBXFileReference; lastKnownFileType = sourcecode.swift; path = SceneTableViewCell.swift; sourceTree = "<group>"; };
		AE598BAB20EA4CD800F3DBA9 /* ExperienceScenesPresenter.swift */ = {isa = PBXFileReference; lastKnownFileType = sourcecode.swift; path = ExperienceScenesPresenter.swift; sourceTree = "<group>"; };
		AE598BAD20EA4DBC00F3DBA9 /* SceneDependencyInjector.swift */ = {isa = PBXFileReference; lastKnownFileType = sourcecode.swift; path = SceneDependencyInjector.swift; sourceTree = "<group>"; };
		AE598BB020EA79C100F3DBA9 /* ExperienceScenesPresenterTests.swift */ = {isa = PBXFileReference; lastKnownFileType = sourcecode.swift; path = ExperienceScenesPresenterTests.swift; sourceTree = "<group>"; };
		AE598BB220EA7A1000F3DBA9 /* SceneRepoMock.swift */ = {isa = PBXFileReference; lastKnownFileType = sourcecode.swift; path = SceneRepoMock.swift; sourceTree = "<group>"; };
		AE61DA8520C68F6400CFEE00 /* ExperienceApiRepository.swift */ = {isa = PBXFileReference; lastKnownFileType = sourcecode.swift; path = ExperienceApiRepository.swift; sourceTree = "<group>"; };
		AE61DA8720C6967800CFEE00 /* ExperienceApi.swift */ = {isa = PBXFileReference; lastKnownFileType = sourcecode.swift; path = ExperienceApi.swift; sourceTree = "<group>"; };
		AE6911CE20E78D0A00A05679 /* ExperienceMapPresenterTests.swift */ = {isa = PBXFileReference; lastKnownFileType = sourcecode.swift; path = ExperienceMapPresenterTests.swift; sourceTree = "<group>"; };
		AE6C279D20D12D1B00C5F59F /* Single+NetworkResponseTransformer.swift */ = {isa = PBXFileReference; lastKnownFileType = sourcecode.swift; path = "Single+NetworkResponseTransformer.swift"; sourceTree = "<group>"; };
		AE6C279F20D1324600C5F59F /* ToDomainMapper.swift */ = {isa = PBXFileReference; lastKnownFileType = sourcecode.swift; path = ToDomainMapper.swift; sourceTree = "<group>"; };
		AE6F8B6620DA50BD007CC36A /* ResultCacheTests.swift */ = {isa = PBXFileReference; lastKnownFileType = sourcecode.swift; path = ResultCacheTests.swift; sourceTree = "<group>"; };
		AE6F8B6820DA5F0D007CC36A /* ConnectableObservableType+Autoconnect.swift */ = {isa = PBXFileReference; lastKnownFileType = sourcecode.swift; path = "ConnectableObservableType+Autoconnect.swift"; sourceTree = "<group>"; };
		AE6F8B6A20DABA3D007CC36A /* Requester.swift */ = {isa = PBXFileReference; lastKnownFileType = sourcecode.swift; path = Requester.swift; sourceTree = "<group>"; };
		AE6F8B6C20DABB21007CC36A /* Request.swift */ = {isa = PBXFileReference; lastKnownFileType = sourcecode.swift; path = Request.swift; sourceTree = "<group>"; };
		AE6F8B6E20DAC6A0007CC36A /* RequesterTests.swift */ = {isa = PBXFileReference; lastKnownFileType = sourcecode.swift; path = RequesterTests.swift; sourceTree = "<group>"; };
		AE73C7BE20CE80E200B05DA2 /* AuthApiRepositoryTests.swift */ = {isa = PBXFileReference; lastKnownFileType = sourcecode.swift; path = AuthApiRepositoryTests.swift; sourceTree = "<group>"; };
		AE73C7C120CE83F600B05DA2 /* POST_people.json */ = {isa = PBXFileReference; fileEncoding = 4; lastKnownFileType = text.json; path = POST_people.json; sourceTree = "<group>"; };
		AE761EDB20C9268B00F80F9D /* ExperienceApiRepositoryTests.swift */ = {isa = PBXFileReference; lastKnownFileType = sourcecode.swift; path = ExperienceApiRepositoryTests.swift; sourceTree = "<group>"; };
		AE80DE7B20CEE0CB00A170F6 /* AuthRepositoryTests.swift */ = {isa = PBXFileReference; lastKnownFileType = sourcecode.swift; path = AuthRepositoryTests.swift; sourceTree = "<group>"; };
		AE86639320D7D22F008CE6D2 /* AppDataDependencyInjector.swift */ = {isa = PBXFileReference; lastKnownFileType = sourcecode.swift; path = AppDataDependencyInjector.swift; sourceTree = "<group>"; };
		AE86639520D7D3B5008CE6D2 /* AuthDataDependencyInjector.swift */ = {isa = PBXFileReference; lastKnownFileType = sourcecode.swift; path = AuthDataDependencyInjector.swift; sourceTree = "<group>"; };
		AE86639720D7D4A1008CE6D2 /* AppPresentationDependencyInjector.swift */ = {isa = PBXFileReference; lastKnownFileType = sourcecode.swift; path = AppPresentationDependencyInjector.swift; sourceTree = "<group>"; };
		AE86639920D7D4D5008CE6D2 /* ExperienceDataDependencyInjector.swift */ = {isa = PBXFileReference; lastKnownFileType = sourcecode.swift; path = ExperienceDataDependencyInjector.swift; sourceTree = "<group>"; };
		AE868AC320C7D4EF009AAF93 /* ExploreExperiencesPresenter.swift */ = {isa = PBXFileReference; lastKnownFileType = sourcecode.swift; path = ExploreExperiencesPresenter.swift; sourceTree = "<group>"; };
		AE89AC2B20C7E5A100443C23 /* ExperienceDependencyInjector.swift */ = {isa = PBXFileReference; lastKnownFileType = sourcecode.swift; path = ExperienceDependencyInjector.swift; sourceTree = "<group>"; };
		AE89AC2D20C7EC0E00443C23 /* ExploreExperiencesPresenterTests.swift */ = {isa = PBXFileReference; lastKnownFileType = sourcecode.swift; path = ExploreExperiencesPresenterTests.swift; sourceTree = "<group>"; };
		AEA0EE5520CFB98A0040E4C9 /* Result.swift */ = {isa = PBXFileReference; lastKnownFileType = sourcecode.swift; path = Result.swift; sourceTree = "<group>"; };
		AEA5662421132F6A00F0E1F3 /* Profile.swift */ = {isa = PBXFileReference; lastKnownFileType = sourcecode.swift; path = Profile.swift; sourceTree = "<group>"; };
		AEA56626211331D400F0E1F3 /* LittlePicture.swift */ = {isa = PBXFileReference; lastKnownFileType = sourcecode.swift; path = LittlePicture.swift; sourceTree = "<group>"; };
		AEA566282113328400F0E1F3 /* LittlePictureMapper.swift */ = {isa = PBXFileReference; lastKnownFileType = sourcecode.swift; path = LittlePictureMapper.swift; sourceTree = "<group>"; };
		AEA5662A2113369D00F0E1F3 /* ProfileMapper.swift */ = {isa = PBXFileReference; lastKnownFileType = sourcecode.swift; path = ProfileMapper.swift; sourceTree = "<group>"; };
		AEA5662C2113756300F0E1F3 /* ExperienceDetailTableViewCell.xib */ = {isa = PBXFileReference; fileEncoding = 4; lastKnownFileType = file.xib; path = ExperienceDetailTableViewCell.xib; sourceTree = "<group>"; };
		AEA5662E211375B100F0E1F3 /* ExperienceDetailTableViewCell.swift */ = {isa = PBXFileReference; fileEncoding = 4; lastKnownFileType = sourcecode.swift; path = ExperienceDetailTableViewCell.swift; sourceTree = "<group>"; };
		AEAE26A720E284AC00E5D4E9 /* Scene.swift */ = {isa = PBXFileReference; lastKnownFileType = sourcecode.swift; path = Scene.swift; sourceTree = "<group>"; };
		AEAE26A920E285AA00E5D4E9 /* SceneRepository.swift */ = {isa = PBXFileReference; lastKnownFileType = sourcecode.swift; path = SceneRepository.swift; sourceTree = "<group>"; };
		AEAE26AB20E2860A00E5D4E9 /* SceneApi.swift */ = {isa = PBXFileReference; lastKnownFileType = sourcecode.swift; path = SceneApi.swift; sourceTree = "<group>"; };
		AEAE26AD20E2881A00E5D4E9 /* String+UrlEncoding.swift */ = {isa = PBXFileReference; lastKnownFileType = sourcecode.swift; path = "String+UrlEncoding.swift"; sourceTree = "<group>"; };
		AEAE26AF20E2885900E5D4E9 /* SceneApiRepository.swift */ = {isa = PBXFileReference; lastKnownFileType = sourcecode.swift; path = SceneApiRepository.swift; sourceTree = "<group>"; };
		AEAE26B120E288C500E5D4E9 /* SceneMapper.swift */ = {isa = PBXFileReference; lastKnownFileType = sourcecode.swift; path = SceneMapper.swift; sourceTree = "<group>"; };
		AEAE26B320E28E3200E5D4E9 /* SceneDataDependencyInjector.swift */ = {isa = PBXFileReference; lastKnownFileType = sourcecode.swift; path = SceneDataDependencyInjector.swift; sourceTree = "<group>"; };
		AEAE26B620E29D6700E5D4E9 /* GET_scenes_experience_id.json */ = {isa = PBXFileReference; fileEncoding = 4; lastKnownFileType = text.json; path = GET_scenes_experience_id.json; sourceTree = "<group>"; };
		AEAE26B820E29DD600E5D4E9 /* SceneApiRepositoryTests.swift */ = {isa = PBXFileReference; lastKnownFileType = sourcecode.swift; path = SceneApiRepositoryTests.swift; sourceTree = "<group>"; };
		AEB326B020C6EDAA000E07D8 /* ExperienceMapper.swift */ = {isa = PBXFileReference; lastKnownFileType = sourcecode.swift; path = ExperienceMapper.swift; sourceTree = "<group>"; };
		AEB326B220C6F26D000E07D8 /* PaginatedListResultMapper.swift */ = {isa = PBXFileReference; lastKnownFileType = sourcecode.swift; path = PaginatedListResultMapper.swift; sourceTree = "<group>"; };
		AEB326B420C6F819000E07D8 /* BigPictureMapper.swift */ = {isa = PBXFileReference; lastKnownFileType = sourcecode.swift; path = BigPictureMapper.swift; sourceTree = "<group>"; };
		AEB6A66320DBE4C000F936DB /* ExperienceRepository.swift */ = {isa = PBXFileReference; lastKnownFileType = sourcecode.swift; path = ExperienceRepository.swift; sourceTree = "<group>"; };
		AEB6A66520DBFDA900F936DB /* ExperienceRepositoryTests.swift */ = {isa = PBXFileReference; lastKnownFileType = sourcecode.swift; path = ExperienceRepositoryTests.swift; sourceTree = "<group>"; };
		AEBB629820C547D3001A4576 /* Pachatary.app */ = {isa = PBXFileReference; explicitFileType = wrapper.application; includeInIndex = 0; path = Pachatary.app; sourceTree = BUILT_PRODUCTS_DIR; };
		AEBB629B20C547D3001A4576 /* AppDelegate.swift */ = {isa = PBXFileReference; lastKnownFileType = sourcecode.swift; path = AppDelegate.swift; sourceTree = "<group>"; };
		AEBB629D20C547D3001A4576 /* ExploreExperiencesView.swift */ = {isa = PBXFileReference; lastKnownFileType = sourcecode.swift; path = ExploreExperiencesView.swift; sourceTree = "<group>"; };
		AEBB62A020C547D3001A4576 /* Base */ = {isa = PBXFileReference; lastKnownFileType = file.storyboard; name = Base; path = Base.lproj/Main.storyboard; sourceTree = "<group>"; };
		AEBB62A220C547D6001A4576 /* Assets.xcassets */ = {isa = PBXFileReference; lastKnownFileType = folder.assetcatalog; path = Assets.xcassets; sourceTree = "<group>"; };
		AEBB62A520C547D6001A4576 /* Base */ = {isa = PBXFileReference; lastKnownFileType = file.storyboard; name = Base; path = Base.lproj/LaunchScreen.storyboard; sourceTree = "<group>"; };
		AEBB62A720C547D6001A4576 /* Info.plist */ = {isa = PBXFileReference; lastKnownFileType = text.plist.xml; path = Info.plist; sourceTree = "<group>"; };
		AEBB62AC20C547D6001A4576 /* PachataryTests.xctest */ = {isa = PBXFileReference; explicitFileType = wrapper.cfbundle; includeInIndex = 0; path = PachataryTests.xctest; sourceTree = BUILT_PRODUCTS_DIR; };
		AEBB62B220C547D6001A4576 /* Info.plist */ = {isa = PBXFileReference; lastKnownFileType = text.plist.xml; path = Info.plist; sourceTree = "<group>"; };
		AEBB62B720C547D6001A4576 /* PachataryUITests.xctest */ = {isa = PBXFileReference; explicitFileType = wrapper.cfbundle; includeInIndex = 0; path = PachataryUITests.xctest; sourceTree = BUILT_PRODUCTS_DIR; };
		AEBB62BB20C547D6001A4576 /* PachataryUITests.swift */ = {isa = PBXFileReference; lastKnownFileType = sourcecode.swift; path = PachataryUITests.swift; sourceTree = "<group>"; };
		AEBB62BD20C547D6001A4576 /* Info.plist */ = {isa = PBXFileReference; lastKnownFileType = text.plist.xml; path = Info.plist; sourceTree = "<group>"; };
		AEDB0DB4211B37F9004F843E /* WelcomePresenter.swift */ = {isa = PBXFileReference; lastKnownFileType = sourcecode.swift; path = WelcomePresenter.swift; sourceTree = "<group>"; };
		AEDB0DB6211B3996004F843E /* PersonDependencyInjector.swift */ = {isa = PBXFileReference; lastKnownFileType = sourcecode.swift; path = PersonDependencyInjector.swift; sourceTree = "<group>"; };
		AEDB0DBA211B3FAC004F843E /* WelcomePresenterTests.swift */ = {isa = PBXFileReference; lastKnownFileType = sourcecode.swift; path = WelcomePresenterTests.swift; sourceTree = "<group>"; };
		AEDB0DBC211B4342004F843E /* AuthRepoMock.swift */ = {isa = PBXFileReference; lastKnownFileType = sourcecode.swift; path = AuthRepoMock.swift; sourceTree = "<group>"; };
		AEDB0DBE211B4CB6004F843E /* Person.storyboard */ = {isa = PBXFileReference; lastKnownFileType = file.storyboard; path = Person.storyboard; sourceTree = "<group>"; };
		AEE1528920D94E3E008707FF /* SingleResultMapper.swift */ = {isa = PBXFileReference; lastKnownFileType = sourcecode.swift; path = SingleResultMapper.swift; sourceTree = "<group>"; };
		AEE1528D20D96DC6008707FF /* ToResultMapper.swift */ = {isa = PBXFileReference; lastKnownFileType = sourcecode.swift; path = ToResultMapper.swift; sourceTree = "<group>"; };
		AEE1528F20D98395008707FF /* ResultCache.swift */ = {isa = PBXFileReference; lastKnownFileType = sourcecode.swift; path = ResultCache.swift; sourceTree = "<group>"; };
		AEE1529120D983DB008707FF /* Identifiable.swift */ = {isa = PBXFileReference; lastKnownFileType = sourcecode.swift; path = Identifiable.swift; sourceTree = "<group>"; };
		AEE47BE520E3A83A001DAB31 /* SceneRepositoryTests.swift */ = {isa = PBXFileReference; lastKnownFileType = sourcecode.swift; path = SceneRepositoryTests.swift; sourceTree = "<group>"; };
		AEEAC68220C94904007C17EE /* GET_experiences_search.json */ = {isa = PBXFileReference; fileEncoding = 4; lastKnownFileType = text.json; path = GET_experiences_search.json; sourceTree = "<group>"; };
		AEEAC68E20C99963007C17EE /* ApiKeys.plist */ = {isa = PBXFileReference; fileEncoding = 4; lastKnownFileType = text.plist.xml; path = ApiKeys.plist; sourceTree = "<group>"; };
		AEEC749120CA74AD00B86837 /* AuthStorageRepository.swift */ = {isa = PBXFileReference; lastKnownFileType = sourcecode.swift; path = AuthStorageRepository.swift; sourceTree = "<group>"; };
		AEEC749320CA751D00B86837 /* AuthToken.swift */ = {isa = PBXFileReference; lastKnownFileType = sourcecode.swift; path = AuthToken.swift; sourceTree = "<group>"; };
		AEEC749520CA780F00B86837 /* DataError.swift */ = {isa = PBXFileReference; lastKnownFileType = sourcecode.swift; path = DataError.swift; sourceTree = "<group>"; };
		AEEC749820CAADD000B86837 /* AuthStorageRepositoryTests.swift */ = {isa = PBXFileReference; lastKnownFileType = sourcecode.swift; path = AuthStorageRepositoryTests.swift; sourceTree = "<group>"; };
		AEEC749A20CAC9B300B86837 /* AuthApiRepository.swift */ = {isa = PBXFileReference; lastKnownFileType = sourcecode.swift; path = AuthApiRepository.swift; sourceTree = "<group>"; };
		AEEC749C20CACA5A00B86837 /* AuthApi.swift */ = {isa = PBXFileReference; lastKnownFileType = sourcecode.swift; path = AuthApi.swift; sourceTree = "<group>"; };
		AEEC749E20CACCD800B86837 /* AuthTokenMapper.swift */ = {isa = PBXFileReference; lastKnownFileType = sourcecode.swift; path = AuthTokenMapper.swift; sourceTree = "<group>"; };
		AEEC74A020CACF0F00B86837 /* AuthRepository.swift */ = {isa = PBXFileReference; lastKnownFileType = sourcecode.swift; path = AuthRepository.swift; sourceTree = "<group>"; };
		AEEC74A220CADB8C00B86837 /* AuthHeaderPlugin.swift */ = {isa = PBXFileReference; lastKnownFileType = sourcecode.swift; path = AuthHeaderPlugin.swift; sourceTree = "<group>"; };
		AEEC74A420CAE0BF00B86837 /* ClientVersionPlugin.swift */ = {isa = PBXFileReference; lastKnownFileType = sourcecode.swift; path = ClientVersionPlugin.swift; sourceTree = "<group>"; };
		B2ACA8339ABA2B763112FF08 /* Pods_PachataryUITests.framework */ = {isa = PBXFileReference; explicitFileType = wrapper.framework; includeInIndex = 0; path = Pods_PachataryUITests.framework; sourceTree = BUILT_PRODUCTS_DIR; };
		CBC254374080C1DC71C218C9 /* Pods-PachataryTests.debug.xcconfig */ = {isa = PBXFileReference; includeInIndex = 1; lastKnownFileType = text.xcconfig; name = "Pods-PachataryTests.debug.xcconfig"; path = "Pods/Target Support Files/Pods-PachataryTests/Pods-PachataryTests.debug.xcconfig"; sourceTree = "<group>"; };
		DAF4095E340B87EBAF7D0C10 /* Pods-Pachatary.debug.xcconfig */ = {isa = PBXFileReference; includeInIndex = 1; lastKnownFileType = text.xcconfig; name = "Pods-Pachatary.debug.xcconfig"; path = "Pods/Target Support Files/Pods-Pachatary/Pods-Pachatary.debug.xcconfig"; sourceTree = "<group>"; };
		E8E39039E41A109F6D0281D2 /* Pods-Pachatary.release.xcconfig */ = {isa = PBXFileReference; includeInIndex = 1; lastKnownFileType = text.xcconfig; name = "Pods-Pachatary.release.xcconfig"; path = "Pods/Target Support Files/Pods-Pachatary/Pods-Pachatary.release.xcconfig"; sourceTree = "<group>"; };
		EBB031116D82E573AF1F4A27 /* Pods-PachataryTests.release.xcconfig */ = {isa = PBXFileReference; includeInIndex = 1; lastKnownFileType = text.xcconfig; name = "Pods-PachataryTests.release.xcconfig"; path = "Pods/Target Support Files/Pods-PachataryTests/Pods-PachataryTests.release.xcconfig"; sourceTree = "<group>"; };
		EC6EE34BE667A62DEA5D3592 /* Pods_PachataryTests.framework */ = {isa = PBXFileReference; explicitFileType = wrapper.framework; includeInIndex = 0; path = Pods_PachataryTests.framework; sourceTree = BUILT_PRODUCTS_DIR; };
/* End PBXFileReference section */

/* Begin PBXFrameworksBuildPhase section */
		AEBB629520C547D3001A4576 /* Frameworks */ = {
			isa = PBXFrameworksBuildPhase;
			buildActionMask = 2147483647;
			files = (
				36189B79170B1B17A56B4A8E /* Pods_Pachatary.framework in Frameworks */,
			);
			runOnlyForDeploymentPostprocessing = 0;
		};
		AEBB62A920C547D6001A4576 /* Frameworks */ = {
			isa = PBXFrameworksBuildPhase;
			buildActionMask = 2147483647;
			files = (
				5120C255D2A1A3E4DC1DBDC6 /* Pods_PachataryTests.framework in Frameworks */,
			);
			runOnlyForDeploymentPostprocessing = 0;
		};
		AEBB62B420C547D6001A4576 /* Frameworks */ = {
			isa = PBXFrameworksBuildPhase;
			buildActionMask = 2147483647;
			files = (
				721696F24410FC2F2C54AAEE /* Pods_PachataryUITests.framework in Frameworks */,
			);
			runOnlyForDeploymentPostprocessing = 0;
		};
/* End PBXFrameworksBuildPhase section */

/* Begin PBXGroup section */
		89EABDC8A45FDE4CF33F5E6E /* Pods */ = {
			isa = PBXGroup;
			children = (
				DAF4095E340B87EBAF7D0C10 /* Pods-Pachatary.debug.xcconfig */,
				E8E39039E41A109F6D0281D2 /* Pods-Pachatary.release.xcconfig */,
				CBC254374080C1DC71C218C9 /* Pods-PachataryTests.debug.xcconfig */,
				EBB031116D82E573AF1F4A27 /* Pods-PachataryTests.release.xcconfig */,
				1DFE72F63DF3E7507D4FF8B8 /* Pods-PachataryUITests.debug.xcconfig */,
				386DAF74E9D4D63994E5E77E /* Pods-PachataryUITests.release.xcconfig */,
			);
			name = Pods;
			sourceTree = "<group>";
		};
		AE598BA520EA45C600F3DBA9 /* Scene */ = {
			isa = PBXGroup;
			children = (
				AEACD85D21137F0C0080507A /* Map */,
				AE598BA620EA45E700F3DBA9 /* List */,
				AE598BAD20EA4DBC00F3DBA9 /* SceneDependencyInjector.swift */,
			);
			path = Scene;
			sourceTree = "<group>";
		};
		AE598BA620EA45E700F3DBA9 /* List */ = {
			isa = PBXGroup;
			children = (
				AE598BA720EA464600F3DBA9 /* ExperienceScenesView.swift */,
				AE598BAB20EA4CD800F3DBA9 /* ExperienceScenesPresenter.swift */,
				AEA5662E211375B100F0E1F3 /* ExperienceDetailTableViewCell.swift */,
				AEA5662C2113756300F0E1F3 /* ExperienceDetailTableViewCell.xib */,
				AE598BA920EA4A9800F3DBA9 /* SceneTableViewCell.swift */,
			);
			path = List;
			sourceTree = "<group>";
		};
		AE598BAF20EA799D00F3DBA9 /* Scene */ = {
			isa = PBXGroup;
			children = (
				AEACD85F21137F4B0080507A /* Map */,
				AEACD85E21137F410080507A /* List */,
			);
			path = Scene;
			sourceTree = "<group>";
		};
		AE6F8B6520DA50A5007CC36A /* Common */ = {
			isa = PBXGroup;
			children = (
				AE6F8B6620DA50BD007CC36A /* ResultCacheTests.swift */,
				AE6F8B6E20DAC6A0007CC36A /* RequesterTests.swift */,
			);
			path = Common;
			sourceTree = "<group>";
		};
		AE73C7C020CE83AC00B05DA2 /* Auth */ = {
			isa = PBXGroup;
			children = (
				AE73C7C120CE83F600B05DA2 /* POST_people.json */,
				AEEC749820CAADD000B86837 /* AuthStorageRepositoryTests.swift */,
				AE73C7BE20CE80E200B05DA2 /* AuthApiRepositoryTests.swift */,
				AE80DE7B20CEE0CB00A170F6 /* AuthRepositoryTests.swift */,
				AEDB0DBC211B4342004F843E /* AuthRepoMock.swift */,
			);
			path = Auth;
			sourceTree = "<group>";
		};
		AE761ED920C925F300F80F9D /* Data */ = {
			isa = PBXGroup;
			children = (
				AEEAC68420C97CBA007C17EE /* Experience */,
				AEAE26B520E29A9600E5D4E9 /* Scene */,
				AE73C7C020CE83AC00B05DA2 /* Auth */,
				AE6F8B6520DA50A5007CC36A /* Common */,
				AE1429ED20D28E8300175B0B /* Single+NetworkResponseTransformerTests.swift */,
			);
			path = Data;
			sourceTree = "<group>";
		};
		AE89AC3420C801C400443C23 /* Data */ = {
			isa = PBXGroup;
			children = (
				AEEAC68B20C97DBC007C17EE /* Experience */,
				AEA5662321132F3D00F0E1F3 /* Profile */,
				AEAE26A620E2846A00E5D4E9 /* Scene */,
				AEEC749020CA748E00B86837 /* Auth */,
				AE89AC3820C803D800443C23 /* Picture */,
				AEA0EE5420CFB9440040E4C9 /* Common */,
			);
			path = Data;
			sourceTree = "<group>";
		};
		AE89AC3520C801F200443C23 /* Explore */ = {
			isa = PBXGroup;
			children = (
				AEBB629D20C547D3001A4576 /* ExploreExperiencesView.swift */,
				AE868AC320C7D4EF009AAF93 /* ExploreExperiencesPresenter.swift */,
			);
			path = Explore;
			sourceTree = "<group>";
		};
		AE89AC3820C803D800443C23 /* Picture */ = {
			isa = PBXGroup;
			children = (
				AE1D6D2020C5712E00EA6DDD /* BigPicture.swift */,
				AEB326B420C6F819000E07D8 /* BigPictureMapper.swift */,
				AEA56626211331D400F0E1F3 /* LittlePicture.swift */,
				AEA566282113328400F0E1F3 /* LittlePictureMapper.swift */,
			);
			path = Picture;
			sourceTree = "<group>";
		};
		AE89AC3920C8040700443C23 /* Explore */ = {
			isa = PBXGroup;
			children = (
				AE89AC2D20C7EC0E00443C23 /* ExploreExperiencesPresenterTests.swift */,
			);
			path = Explore;
			sourceTree = "<group>";
		};
		AEA0EE5420CFB9440040E4C9 /* Common */ = {
			isa = PBXGroup;
			children = (
				AEEC749520CA780F00B86837 /* DataError.swift */,
				AEB326B220C6F26D000E07D8 /* PaginatedListResultMapper.swift */,
				AEEC74A420CAE0BF00B86837 /* ClientVersionPlugin.swift */,
				AEA0EE5520CFB98A0040E4C9 /* Result.swift */,
				AE6C279D20D12D1B00C5F59F /* Single+NetworkResponseTransformer.swift */,
				AE6C279F20D1324600C5F59F /* ToDomainMapper.swift */,
				AE86639320D7D22F008CE6D2 /* AppDataDependencyInjector.swift */,
				AEE1528920D94E3E008707FF /* SingleResultMapper.swift */,
				AEE1528D20D96DC6008707FF /* ToResultMapper.swift */,
				AEE1528F20D98395008707FF /* ResultCache.swift */,
				AEE1529120D983DB008707FF /* Identifiable.swift */,
				AE6F8B6820DA5F0D007CC36A /* ConnectableObservableType+Autoconnect.swift */,
				AE6F8B6A20DABA3D007CC36A /* Requester.swift */,
				AE6F8B6C20DABB21007CC36A /* Request.swift */,
				AEAE26AD20E2881A00E5D4E9 /* String+UrlEncoding.swift */,
			);
			path = Common;
			sourceTree = "<group>";
		};
		AEA5662321132F3D00F0E1F3 /* Profile */ = {
			isa = PBXGroup;
			children = (
				AEA5662421132F6A00F0E1F3 /* Profile.swift */,
				AEA5662A2113369D00F0E1F3 /* ProfileMapper.swift */,
			);
			path = Profile;
			sourceTree = "<group>";
		};
		AEACD85D21137F0C0080507A /* Map */ = {
			isa = PBXGroup;
			children = (
				AE218B8420E2789E00E79E51 /* ExperienceMapView.swift */,
				AE0B27AD20E67D110060D923 /* ExperienceMapPresenter.swift */,
			);
			path = Map;
			sourceTree = "<group>";
		};
		AEACD85E21137F410080507A /* List */ = {
			isa = PBXGroup;
			children = (
				AE598BB020EA79C100F3DBA9 /* ExperienceScenesPresenterTests.swift */,
			);
			path = List;
			sourceTree = "<group>";
		};
		AEACD85F21137F4B0080507A /* Map */ = {
			isa = PBXGroup;
			children = (
				AE6911CE20E78D0A00A05679 /* ExperienceMapPresenterTests.swift */,
			);
			path = Map;
			sourceTree = "<group>";
		};
		AEAE26A620E2846A00E5D4E9 /* Scene */ = {
			isa = PBXGroup;
			children = (
				AEAE26A720E284AC00E5D4E9 /* Scene.swift */,
				AEAE26A920E285AA00E5D4E9 /* SceneRepository.swift */,
				AEAE26AB20E2860A00E5D4E9 /* SceneApi.swift */,
				AEAE26AF20E2885900E5D4E9 /* SceneApiRepository.swift */,
				AEAE26B120E288C500E5D4E9 /* SceneMapper.swift */,
				AEAE26B320E28E3200E5D4E9 /* SceneDataDependencyInjector.swift */,
			);
			path = Scene;
			sourceTree = "<group>";
		};
		AEAE26B520E29A9600E5D4E9 /* Scene */ = {
			isa = PBXGroup;
			children = (
				AEAE26B620E29D6700E5D4E9 /* GET_scenes_experience_id.json */,
				AEAE26B820E29DD600E5D4E9 /* SceneApiRepositoryTests.swift */,
				AEE47BE520E3A83A001DAB31 /* SceneRepositoryTests.swift */,
				AE598BB220EA7A1000F3DBA9 /* SceneRepoMock.swift */,
			);
			path = Scene;
			sourceTree = "<group>";
		};
		AEBB628F20C547D3001A4576 = {
			isa = PBXGroup;
			children = (
				AEBB629A20C547D3001A4576 /* Pachatary */,
				AEBB62AF20C547D6001A4576 /* PachataryTests */,
				AEBB62BA20C547D6001A4576 /* PachataryUITests */,
				AEBB629920C547D3001A4576 /* Products */,
				89EABDC8A45FDE4CF33F5E6E /* Pods */,
				FDF91A2D5E4AB32B85DEDFE5 /* Frameworks */,
			);
			sourceTree = "<group>";
		};
		AEBB629920C547D3001A4576 /* Products */ = {
			isa = PBXGroup;
			children = (
				AEBB629820C547D3001A4576 /* Pachatary.app */,
				AEBB62AC20C547D6001A4576 /* PachataryTests.xctest */,
				AEBB62B720C547D6001A4576 /* PachataryUITests.xctest */,
			);
			name = Products;
			sourceTree = "<group>";
		};
		AEBB629A20C547D3001A4576 /* Pachatary */ = {
			isa = PBXGroup;
			children = (
				AEEAC68E20C99963007C17EE /* ApiKeys.plist */,
				AEEAC68920C97D70007C17EE /* Presentation */,
				AE89AC3420C801C400443C23 /* Data */,
				AEBB629B20C547D3001A4576 /* AppDelegate.swift */,
				AEBB629F20C547D3001A4576 /* Main.storyboard */,
				AEBB62A220C547D6001A4576 /* Assets.xcassets */,
				AEBB62A420C547D6001A4576 /* LaunchScreen.storyboard */,
				AEBB62A720C547D6001A4576 /* Info.plist */,
			);
			path = Pachatary;
			sourceTree = "<group>";
		};
		AEBB62AF20C547D6001A4576 /* PachataryTests */ = {
			isa = PBXGroup;
			children = (
				AEEAC68720C97CED007C17EE /* Presentation */,
				AE761ED920C925F300F80F9D /* Data */,
				AEBB62B220C547D6001A4576 /* Info.plist */,
			);
			path = PachataryTests;
			sourceTree = "<group>";
		};
		AEBB62BA20C547D6001A4576 /* PachataryUITests */ = {
			isa = PBXGroup;
			children = (
				AEBB62BB20C547D6001A4576 /* PachataryUITests.swift */,
				AEBB62BD20C547D6001A4576 /* Info.plist */,
			);
			path = PachataryUITests;
			sourceTree = "<group>";
		};
		AEDB0DB8211B3EE2004F843E /* Person */ = {
			isa = PBXGroup;
			children = (
				AEDB0DBA211B3FAC004F843E /* WelcomePresenterTests.swift */,
			);
			path = Person;
			sourceTree = "<group>";
		};
		AEDB0DB9211B3F62004F843E /* Person */ = {
			isa = PBXGroup;
			children = (
				AE3BE3BD211A154C00D10A19 /* WelcomeView.swift */,
				AEDB0DB4211B37F9004F843E /* WelcomePresenter.swift */,
				AEDB0DB6211B3996004F843E /* PersonDependencyInjector.swift */,
				AEDB0DBE211B4CB6004F843E /* Person.storyboard */,
			);
			path = Person;
			sourceTree = "<group>";
		};
		AEEAC68420C97CBA007C17EE /* Experience */ = {
			isa = PBXGroup;
			children = (
				AEEAC68220C94904007C17EE /* GET_experiences_search.json */,
				AE761EDB20C9268B00F80F9D /* ExperienceApiRepositoryTests.swift */,
				AEB6A66520DBFDA900F936DB /* ExperienceRepositoryTests.swift */,
				AE3116E620EBD2FC00720A95 /* ExperienceRepoMock.swift */,
			);
			path = Experience;
			sourceTree = "<group>";
		};
		AEEAC68720C97CED007C17EE /* Presentation */ = {
			isa = PBXGroup;
			children = (
				AEDB0DB8211B3EE2004F843E /* Person */,
				AE598BAF20EA799D00F3DBA9 /* Scene */,
				AEEAC68820C97D49007C17EE /* Experience */,
			);
			path = Presentation;
			sourceTree = "<group>";
		};
		AEEAC68820C97D49007C17EE /* Experience */ = {
			isa = PBXGroup;
			children = (
				AE89AC3920C8040700443C23 /* Explore */,
			);
			path = Experience;
			sourceTree = "<group>";
		};
		AEEAC68920C97D70007C17EE /* Presentation */ = {
			isa = PBXGroup;
			children = (
				AEDB0DB9211B3F62004F843E /* Person */,
				AE598BA520EA45C600F3DBA9 /* Scene */,
				AEEAC68A20C97D8E007C17EE /* Experience */,
				AE86639720D7D4A1008CE6D2 /* AppPresentationDependencyInjector.swift */,
				AE3BE3BA211A142500D10A19 /* RootViewController.swift */,
			);
			path = Presentation;
			sourceTree = "<group>";
		};
		AEEAC68A20C97D8E007C17EE /* Experience */ = {
			isa = PBXGroup;
			children = (
				AE89AC3520C801F200443C23 /* Explore */,
				AE89AC2B20C7E5A100443C23 /* ExperienceDependencyInjector.swift */,
				AE0C676B20E122F500E4BFA0 /* PaginationLoaderViewCell.swift */,
				AE1D6D1C20C55AA400EA6DDD /* ExtendedExperienceTableViewCell.swift */,
				AE3116E320EB8F8500720A95 /* ExtendedExperienceTableViewCell.xib */,
			);
			path = Experience;
			sourceTree = "<group>";
		};
		AEEAC68B20C97DBC007C17EE /* Experience */ = {
			isa = PBXGroup;
			children = (
				AE1D6D1E20C5707300EA6DDD /* Experience.swift */,
				AE61DA8520C68F6400CFEE00 /* ExperienceApiRepository.swift */,
				AE61DA8720C6967800CFEE00 /* ExperienceApi.swift */,
				AEB326B020C6EDAA000E07D8 /* ExperienceMapper.swift */,
				AE86639920D7D4D5008CE6D2 /* ExperienceDataDependencyInjector.swift */,
				AEB6A66320DBE4C000F936DB /* ExperienceRepository.swift */,
			);
			path = Experience;
			sourceTree = "<group>";
		};
		AEEC749020CA748E00B86837 /* Auth */ = {
			isa = PBXGroup;
			children = (
				AEEC749120CA74AD00B86837 /* AuthStorageRepository.swift */,
				AEEC749320CA751D00B86837 /* AuthToken.swift */,
				AEEC749A20CAC9B300B86837 /* AuthApiRepository.swift */,
				AEEC749C20CACA5A00B86837 /* AuthApi.swift */,
				AEEC749E20CACCD800B86837 /* AuthTokenMapper.swift */,
				AEEC74A020CACF0F00B86837 /* AuthRepository.swift */,
				AEEC74A220CADB8C00B86837 /* AuthHeaderPlugin.swift */,
				AE86639520D7D3B5008CE6D2 /* AuthDataDependencyInjector.swift */,
			);
			path = Auth;
			sourceTree = "<group>";
		};
		FDF91A2D5E4AB32B85DEDFE5 /* Frameworks */ = {
			isa = PBXGroup;
			children = (
				2F75C0457AE10B772911DA00 /* Pods_Pachatary.framework */,
				EC6EE34BE667A62DEA5D3592 /* Pods_PachataryTests.framework */,
				B2ACA8339ABA2B763112FF08 /* Pods_PachataryUITests.framework */,
			);
			name = Frameworks;
			sourceTree = "<group>";
		};
/* End PBXGroup section */

/* Begin PBXNativeTarget section */
		AEBB629720C547D3001A4576 /* Pachatary */ = {
			isa = PBXNativeTarget;
			buildConfigurationList = AEBB62C020C547D6001A4576 /* Build configuration list for PBXNativeTarget "Pachatary" */;
			buildPhases = (
				10A69E7FC319A5FD04C1402F /* [CP] Check Pods Manifest.lock */,
				AEBB629420C547D3001A4576 /* Sources */,
				AEBB629520C547D3001A4576 /* Frameworks */,
				AEBB629620C547D3001A4576 /* Resources */,
				F94A5930921E764934670668 /* [CP] Embed Pods Frameworks */,
				AE75E6F320E4E0FB00A65411 /* ShellScript */,
			);
			buildRules = (
			);
			dependencies = (
			);
			name = Pachatary;
			productName = Pachatary;
			productReference = AEBB629820C547D3001A4576 /* Pachatary.app */;
			productType = "com.apple.product-type.application";
		};
		AEBB62AB20C547D6001A4576 /* PachataryTests */ = {
			isa = PBXNativeTarget;
			buildConfigurationList = AEBB62C320C547D6001A4576 /* Build configuration list for PBXNativeTarget "PachataryTests" */;
			buildPhases = (
				C95112C2201B2F133DB96EEC /* [CP] Check Pods Manifest.lock */,
				AEBB62A820C547D6001A4576 /* Sources */,
				AEBB62A920C547D6001A4576 /* Frameworks */,
				AEBB62AA20C547D6001A4576 /* Resources */,
				B811A710B30294DF37FA567A /* [CP] Embed Pods Frameworks */,
			);
			buildRules = (
			);
			dependencies = (
				AEBB62AE20C547D6001A4576 /* PBXTargetDependency */,
			);
			name = PachataryTests;
			productName = PachataryTests;
			productReference = AEBB62AC20C547D6001A4576 /* PachataryTests.xctest */;
			productType = "com.apple.product-type.bundle.unit-test";
		};
		AEBB62B620C547D6001A4576 /* PachataryUITests */ = {
			isa = PBXNativeTarget;
			buildConfigurationList = AEBB62C620C547D6001A4576 /* Build configuration list for PBXNativeTarget "PachataryUITests" */;
			buildPhases = (
				FAD8241E9FDD7B7780DA5460 /* [CP] Check Pods Manifest.lock */,
				AEBB62B320C547D6001A4576 /* Sources */,
				AEBB62B420C547D6001A4576 /* Frameworks */,
				AEBB62B520C547D6001A4576 /* Resources */,
				473D19DF8596AB572B52093C /* [CP] Embed Pods Frameworks */,
			);
			buildRules = (
			);
			dependencies = (
				AEBB62B920C547D6001A4576 /* PBXTargetDependency */,
			);
			name = PachataryUITests;
			productName = PachataryUITests;
			productReference = AEBB62B720C547D6001A4576 /* PachataryUITests.xctest */;
			productType = "com.apple.product-type.bundle.ui-testing";
		};
/* End PBXNativeTarget section */

/* Begin PBXProject section */
		AEBB629020C547D3001A4576 /* Project object */ = {
			isa = PBXProject;
			attributes = {
				LastSwiftUpdateCheck = 0940;
				LastUpgradeCheck = 0940;
				ORGANIZATIONNAME = Pachatary;
				TargetAttributes = {
					AEBB629720C547D3001A4576 = {
						CreatedOnToolsVersion = 9.4;
					};
					AEBB62AB20C547D6001A4576 = {
						CreatedOnToolsVersion = 9.4;
						TestTargetID = AEBB629720C547D3001A4576;
					};
					AEBB62B620C547D6001A4576 = {
						CreatedOnToolsVersion = 9.4;
						TestTargetID = AEBB629720C547D3001A4576;
					};
				};
			};
			buildConfigurationList = AEBB629320C547D3001A4576 /* Build configuration list for PBXProject "Pachatary" */;
			compatibilityVersion = "Xcode 9.3";
			developmentRegion = en;
			hasScannedForEncodings = 0;
			knownRegions = (
				en,
				Base,
			);
			mainGroup = AEBB628F20C547D3001A4576;
			productRefGroup = AEBB629920C547D3001A4576 /* Products */;
			projectDirPath = "";
			projectRoot = "";
			targets = (
				AEBB629720C547D3001A4576 /* Pachatary */,
				AEBB62AB20C547D6001A4576 /* PachataryTests */,
				AEBB62B620C547D6001A4576 /* PachataryUITests */,
			);
		};
/* End PBXProject section */

/* Begin PBXResourcesBuildPhase section */
		AEBB629620C547D3001A4576 /* Resources */ = {
			isa = PBXResourcesBuildPhase;
			buildActionMask = 2147483647;
			files = (
				AEEAC69020C99979007C17EE /* ApiKeys.plist in Resources */,
				AE3116E520EB8F8500720A95 /* ExtendedExperienceTableViewCell.xib in Resources */,
				AEA5662D2113756300F0E1F3 /* ExperienceDetailTableViewCell.xib in Resources */,
				AEDB0DBF211B4CB6004F843E /* Person.storyboard in Resources */,
				AEBB62A620C547D6001A4576 /* LaunchScreen.storyboard in Resources */,
				AEBB62A320C547D6001A4576 /* Assets.xcassets in Resources */,
				AEBB62A120C547D3001A4576 /* Main.storyboard in Resources */,
			);
			runOnlyForDeploymentPostprocessing = 0;
		};
		AEBB62AA20C547D6001A4576 /* Resources */ = {
			isa = PBXResourcesBuildPhase;
			buildActionMask = 2147483647;
			files = (
				AE73C7C220CE83F600B05DA2 /* POST_people.json in Resources */,
				AEAE26B720E29D6700E5D4E9 /* GET_scenes_experience_id.json in Resources */,
				AEEAC68320C94904007C17EE /* GET_experiences_search.json in Resources */,
			);
			runOnlyForDeploymentPostprocessing = 0;
		};
		AEBB62B520C547D6001A4576 /* Resources */ = {
			isa = PBXResourcesBuildPhase;
			buildActionMask = 2147483647;
			files = (
			);
			runOnlyForDeploymentPostprocessing = 0;
		};
/* End PBXResourcesBuildPhase section */

/* Begin PBXShellScriptBuildPhase section */
		10A69E7FC319A5FD04C1402F /* [CP] Check Pods Manifest.lock */ = {
			isa = PBXShellScriptBuildPhase;
			buildActionMask = 2147483647;
			files = (
			);
			inputPaths = (
				"${PODS_PODFILE_DIR_PATH}/Podfile.lock",
				"${PODS_ROOT}/Manifest.lock",
			);
			name = "[CP] Check Pods Manifest.lock";
			outputPaths = (
				"$(DERIVED_FILE_DIR)/Pods-Pachatary-checkManifestLockResult.txt",
			);
			runOnlyForDeploymentPostprocessing = 0;
			shellPath = /bin/sh;
			shellScript = "diff \"${PODS_PODFILE_DIR_PATH}/Podfile.lock\" \"${PODS_ROOT}/Manifest.lock\" > /dev/null\nif [ $? != 0 ] ; then\n    # print error to STDERR\n    echo \"error: The sandbox is not in sync with the Podfile.lock. Run 'pod install' or update your CocoaPods installation.\" >&2\n    exit 1\nfi\n# This output is used by Xcode 'outputs' to avoid re-running this script phase.\necho \"SUCCESS\" > \"${SCRIPT_OUTPUT_FILE_0}\"\n";
			showEnvVarsInLog = 0;
		};
		473D19DF8596AB572B52093C /* [CP] Embed Pods Frameworks */ = {
			isa = PBXShellScriptBuildPhase;
			buildActionMask = 2147483647;
			files = (
			);
			inputPaths = (
				"${SRCROOT}/Pods/Target Support Files/Pods-PachataryUITests/Pods-PachataryUITests-frameworks.sh",
				"${PODS_ROOT}/Mapbox-iOS-SDK/dynamic/Mapbox.framework",
				"${PODS_ROOT}/Mapbox-iOS-SDK/dynamic/Mapbox.framework.dSYM",
			);
			name = "[CP] Embed Pods Frameworks";
			outputPaths = (
				"${TARGET_BUILD_DIR}/${FRAMEWORKS_FOLDER_PATH}/Mapbox.framework",
				"${DWARF_DSYM_FOLDER_PATH}/Mapbox.framework.dSYM",
			);
			runOnlyForDeploymentPostprocessing = 0;
			shellPath = /bin/sh;
			shellScript = "\"${SRCROOT}/Pods/Target Support Files/Pods-PachataryUITests/Pods-PachataryUITests-frameworks.sh\"\n";
			showEnvVarsInLog = 0;
		};
		AE75E6F320E4E0FB00A65411 /* ShellScript */ = {
			isa = PBXShellScriptBuildPhase;
			buildActionMask = 2147483647;
			files = (
			);
			inputPaths = (
			);
			outputPaths = (
			);
			runOnlyForDeploymentPostprocessing = 0;
			shellPath = /bin/sh;
			shellScript = "$SRCROOT/Pachatary/build-phase/copy_keys_script.sh";
		};
		B811A710B30294DF37FA567A /* [CP] Embed Pods Frameworks */ = {
			isa = PBXShellScriptBuildPhase;
			buildActionMask = 2147483647;
			files = (
			);
			inputPaths = (
				"${SRCROOT}/Pods/Target Support Files/Pods-PachataryTests/Pods-PachataryTests-frameworks.sh",
				"${BUILT_PRODUCTS_DIR}/RxSwift/RxSwift.framework",
				"${BUILT_PRODUCTS_DIR}/Hippolyte/Hippolyte.framework",
				"${BUILT_PRODUCTS_DIR}/RxBlocking/RxBlocking.framework",
			);
			name = "[CP] Embed Pods Frameworks";
			outputPaths = (
				"${TARGET_BUILD_DIR}/${FRAMEWORKS_FOLDER_PATH}/RxSwift.framework",
				"${TARGET_BUILD_DIR}/${FRAMEWORKS_FOLDER_PATH}/Hippolyte.framework",
				"${TARGET_BUILD_DIR}/${FRAMEWORKS_FOLDER_PATH}/RxBlocking.framework",
			);
			runOnlyForDeploymentPostprocessing = 0;
			shellPath = /bin/sh;
			shellScript = "\"${SRCROOT}/Pods/Target Support Files/Pods-PachataryTests/Pods-PachataryTests-frameworks.sh\"\n";
			showEnvVarsInLog = 0;
		};
		C95112C2201B2F133DB96EEC /* [CP] Check Pods Manifest.lock */ = {
			isa = PBXShellScriptBuildPhase;
			buildActionMask = 2147483647;
			files = (
			);
			inputPaths = (
				"${PODS_PODFILE_DIR_PATH}/Podfile.lock",
				"${PODS_ROOT}/Manifest.lock",
			);
			name = "[CP] Check Pods Manifest.lock";
			outputPaths = (
				"$(DERIVED_FILE_DIR)/Pods-PachataryTests-checkManifestLockResult.txt",
			);
			runOnlyForDeploymentPostprocessing = 0;
			shellPath = /bin/sh;
			shellScript = "diff \"${PODS_PODFILE_DIR_PATH}/Podfile.lock\" \"${PODS_ROOT}/Manifest.lock\" > /dev/null\nif [ $? != 0 ] ; then\n    # print error to STDERR\n    echo \"error: The sandbox is not in sync with the Podfile.lock. Run 'pod install' or update your CocoaPods installation.\" >&2\n    exit 1\nfi\n# This output is used by Xcode 'outputs' to avoid re-running this script phase.\necho \"SUCCESS\" > \"${SCRIPT_OUTPUT_FILE_0}\"\n";
			showEnvVarsInLog = 0;
		};
		F94A5930921E764934670668 /* [CP] Embed Pods Frameworks */ = {
			isa = PBXShellScriptBuildPhase;
			buildActionMask = 2147483647;
			files = (
			);
			inputPaths = (
				"${SRCROOT}/Pods/Target Support Files/Pods-Pachatary/Pods-Pachatary-frameworks.sh",
				"${BUILT_PRODUCTS_DIR}/Alamofire/Alamofire.framework",
				"${BUILT_PRODUCTS_DIR}/Kingfisher/Kingfisher.framework",
				"${PODS_ROOT}/Mapbox-iOS-SDK/dynamic/Mapbox.framework",
				"${PODS_ROOT}/Mapbox-iOS-SDK/dynamic/Mapbox.framework.dSYM",
				"${BUILT_PRODUCTS_DIR}/MapboxStatic.swift/MapboxStatic.framework",
				"${BUILT_PRODUCTS_DIR}/Moya/Moya.framework",
				"${BUILT_PRODUCTS_DIR}/Moya-ObjectMapper/Moya_ObjectMapper.framework",
				"${BUILT_PRODUCTS_DIR}/ObjectMapper/ObjectMapper.framework",
				"${BUILT_PRODUCTS_DIR}/Result/Result.framework",
				"${BUILT_PRODUCTS_DIR}/RxSwift/RxSwift.framework",
			);
			name = "[CP] Embed Pods Frameworks";
			outputPaths = (
				"${TARGET_BUILD_DIR}/${FRAMEWORKS_FOLDER_PATH}/Alamofire.framework",
				"${TARGET_BUILD_DIR}/${FRAMEWORKS_FOLDER_PATH}/Kingfisher.framework",
				"${TARGET_BUILD_DIR}/${FRAMEWORKS_FOLDER_PATH}/Mapbox.framework",
				"${DWARF_DSYM_FOLDER_PATH}/Mapbox.framework.dSYM",
				"${TARGET_BUILD_DIR}/${FRAMEWORKS_FOLDER_PATH}/MapboxStatic.framework",
				"${TARGET_BUILD_DIR}/${FRAMEWORKS_FOLDER_PATH}/Moya.framework",
				"${TARGET_BUILD_DIR}/${FRAMEWORKS_FOLDER_PATH}/Moya_ObjectMapper.framework",
				"${TARGET_BUILD_DIR}/${FRAMEWORKS_FOLDER_PATH}/ObjectMapper.framework",
				"${TARGET_BUILD_DIR}/${FRAMEWORKS_FOLDER_PATH}/Result.framework",
				"${TARGET_BUILD_DIR}/${FRAMEWORKS_FOLDER_PATH}/RxSwift.framework",
			);
			runOnlyForDeploymentPostprocessing = 0;
			shellPath = /bin/sh;
			shellScript = "\"${SRCROOT}/Pods/Target Support Files/Pods-Pachatary/Pods-Pachatary-frameworks.sh\"\n";
			showEnvVarsInLog = 0;
		};
		FAD8241E9FDD7B7780DA5460 /* [CP] Check Pods Manifest.lock */ = {
			isa = PBXShellScriptBuildPhase;
			buildActionMask = 2147483647;
			files = (
			);
			inputPaths = (
				"${PODS_PODFILE_DIR_PATH}/Podfile.lock",
				"${PODS_ROOT}/Manifest.lock",
			);
			name = "[CP] Check Pods Manifest.lock";
			outputPaths = (
				"$(DERIVED_FILE_DIR)/Pods-PachataryUITests-checkManifestLockResult.txt",
			);
			runOnlyForDeploymentPostprocessing = 0;
			shellPath = /bin/sh;
			shellScript = "diff \"${PODS_PODFILE_DIR_PATH}/Podfile.lock\" \"${PODS_ROOT}/Manifest.lock\" > /dev/null\nif [ $? != 0 ] ; then\n    # print error to STDERR\n    echo \"error: The sandbox is not in sync with the Podfile.lock. Run 'pod install' or update your CocoaPods installation.\" >&2\n    exit 1\nfi\n# This output is used by Xcode 'outputs' to avoid re-running this script phase.\necho \"SUCCESS\" > \"${SCRIPT_OUTPUT_FILE_0}\"\n";
			showEnvVarsInLog = 0;
		};
/* End PBXShellScriptBuildPhase section */

/* Begin PBXSourcesBuildPhase section */
		AEBB629420C547D3001A4576 /* Sources */ = {
			isa = PBXSourcesBuildPhase;
			buildActionMask = 2147483647;
			files = (
				AE868AC420C7D4EF009AAF93 /* ExploreExperiencesPresenter.swift in Sources */,
				AEB326B320C6F26D000E07D8 /* PaginatedListResultMapper.swift in Sources */,
				AEE1528E20D96DC6008707FF /* ToResultMapper.swift in Sources */,
				AEEC749620CA780F00B86837 /* DataError.swift in Sources */,
				AEA5662B2113369D00F0E1F3 /* ProfileMapper.swift in Sources */,
				AE89AC2C20C7E5A100443C23 /* ExperienceDependencyInjector.swift in Sources */,
				AEEC749220CA74AD00B86837 /* AuthStorageRepository.swift in Sources */,
				AEEC749B20CAC9B300B86837 /* AuthApiRepository.swift in Sources */,
				AEA566292113328400F0E1F3 /* LittlePictureMapper.swift in Sources */,
				AEAE26B420E28E3200E5D4E9 /* SceneDataDependencyInjector.swift in Sources */,
				AEA0EE5620CFB98A0040E4C9 /* Result.swift in Sources */,
				AEB326B520C6F819000E07D8 /* BigPictureMapper.swift in Sources */,
				AE598BA820EA464600F3DBA9 /* ExperienceScenesView.swift in Sources */,
				AEBB629E20C547D3001A4576 /* ExploreExperiencesView.swift in Sources */,
				AEEC749F20CACCD800B86837 /* AuthTokenMapper.swift in Sources */,
				AE0C676C20E122F500E4BFA0 /* PaginationLoaderViewCell.swift in Sources */,
				AEAE26A820E284AC00E5D4E9 /* Scene.swift in Sources */,
				AE86639420D7D22F008CE6D2 /* AppDataDependencyInjector.swift in Sources */,
				AE3BE3BE211A154C00D10A19 /* WelcomeView.swift in Sources */,
				AEAE26B220E288C500E5D4E9 /* SceneMapper.swift in Sources */,
				AE61DA8820C6967800CFEE00 /* ExperienceApi.swift in Sources */,
				AEAE26B020E2885900E5D4E9 /* SceneApiRepository.swift in Sources */,
				AE86639620D7D3B5008CE6D2 /* AuthDataDependencyInjector.swift in Sources */,
				AEA56627211331D400F0E1F3 /* LittlePicture.swift in Sources */,
				AEE1528A20D94E3E008707FF /* SingleResultMapper.swift in Sources */,
				AE218B8520E2789E00E79E51 /* ExperienceMapView.swift in Sources */,
				AE6C279E20D12D1B00C5F59F /* Single+NetworkResponseTransformer.swift in Sources */,
				AE6C27A020D1324600C5F59F /* ToDomainMapper.swift in Sources */,
				AE61DA8620C68F6400CFEE00 /* ExperienceApiRepository.swift in Sources */,
				AEB6A66420DBE4C000F936DB /* ExperienceRepository.swift in Sources */,
				AE6F8B6B20DABA3D007CC36A /* Requester.swift in Sources */,
				AEA5662F211375B100F0E1F3 /* ExperienceDetailTableViewCell.swift in Sources */,
				AE598BAA20EA4A9800F3DBA9 /* SceneTableViewCell.swift in Sources */,
				AEEC749420CA751D00B86837 /* AuthToken.swift in Sources */,
				AEE1529220D983DB008707FF /* Identifiable.swift in Sources */,
				AE598BAE20EA4DBC00F3DBA9 /* SceneDependencyInjector.swift in Sources */,
				AEDB0DB7211B3996004F843E /* PersonDependencyInjector.swift in Sources */,
				AE1D6D2120C5712E00EA6DDD /* BigPicture.swift in Sources */,
				AE86639A20D7D4D5008CE6D2 /* ExperienceDataDependencyInjector.swift in Sources */,
				AEEC74A120CACF0F00B86837 /* AuthRepository.swift in Sources */,
				AE3BE3BB211A142500D10A19 /* RootViewController.swift in Sources */,
				AEA5662521132F6A00F0E1F3 /* Profile.swift in Sources */,
				AEEC749D20CACA5A00B86837 /* AuthApi.swift in Sources */,
				AE6F8B6D20DABB21007CC36A /* Request.swift in Sources */,
				AEBB629C20C547D3001A4576 /* AppDelegate.swift in Sources */,
				AE1D6D1D20C55AA400EA6DDD /* ExtendedExperienceTableViewCell.swift in Sources */,
				AEB326B120C6EDAA000E07D8 /* ExperienceMapper.swift in Sources */,
				AEEC74A520CAE0BF00B86837 /* ClientVersionPlugin.swift in Sources */,
				AE86639820D7D4A1008CE6D2 /* AppPresentationDependencyInjector.swift in Sources */,
				AE598BAC20EA4CD800F3DBA9 /* ExperienceScenesPresenter.swift in Sources */,
				AEDB0DB5211B37F9004F843E /* WelcomePresenter.swift in Sources */,
				AEAE26AC20E2860A00E5D4E9 /* SceneApi.swift in Sources */,
				AEEC74A320CADB8C00B86837 /* AuthHeaderPlugin.swift in Sources */,
				AEAE26AA20E285AA00E5D4E9 /* SceneRepository.swift in Sources */,
				AE1D6D1F20C5707300EA6DDD /* Experience.swift in Sources */,
				AEE1529020D98395008707FF /* ResultCache.swift in Sources */,
				AE0B27AE20E67D110060D923 /* ExperienceMapPresenter.swift in Sources */,
				AEAE26AE20E2881A00E5D4E9 /* String+UrlEncoding.swift in Sources */,
				AE6F8B6920DA5F0D007CC36A /* ConnectableObservableType+Autoconnect.swift in Sources */,
			);
			runOnlyForDeploymentPostprocessing = 0;
		};
		AEBB62A820C547D6001A4576 /* Sources */ = {
			isa = PBXSourcesBuildPhase;
			buildActionMask = 2147483647;
			files = (
				AE761EDC20C9268B00F80F9D /* ExperienceApiRepositoryTests.swift in Sources */,
				AEAE26B920E29DD600E5D4E9 /* SceneApiRepositoryTests.swift in Sources */,
				AE6911CF20E78D0A00A05679 /* ExperienceMapPresenterTests.swift in Sources */,
				AE89AC2E20C7EC0E00443C23 /* ExploreExperiencesPresenterTests.swift in Sources */,
				AEEC749920CAADD000B86837 /* AuthStorageRepositoryTests.swift in Sources */,
				AEDB0DBD211B4342004F843E /* AuthRepoMock.swift in Sources */,
				AEB6A66620DBFDA900F936DB /* ExperienceRepositoryTests.swift in Sources */,
				AE80DE7C20CEE0CB00A170F6 /* AuthRepositoryTests.swift in Sources */,
				AE73C7BF20CE80E200B05DA2 /* AuthApiRepositoryTests.swift in Sources */,
				AE1429EE20D28E8300175B0B /* Single+NetworkResponseTransformerTests.swift in Sources */,
				AE598BB120EA79C200F3DBA9 /* ExperienceScenesPresenterTests.swift in Sources */,
				AE598BB320EA7A1000F3DBA9 /* SceneRepoMock.swift in Sources */,
				AE3116E720EBD2FC00720A95 /* ExperienceRepoMock.swift in Sources */,
				AE6F8B6F20DAC6A0007CC36A /* RequesterTests.swift in Sources */,
				AEDB0DBB211B3FAC004F843E /* WelcomePresenterTests.swift in Sources */,
				AEE47BE620E3A83A001DAB31 /* SceneRepositoryTests.swift in Sources */,
				AE6F8B6720DA50BD007CC36A /* ResultCacheTests.swift in Sources */,
			);
			runOnlyForDeploymentPostprocessing = 0;
		};
		AEBB62B320C547D6001A4576 /* Sources */ = {
			isa = PBXSourcesBuildPhase;
			buildActionMask = 2147483647;
			files = (
				AEBB62BC20C547D6001A4576 /* PachataryUITests.swift in Sources */,
			);
			runOnlyForDeploymentPostprocessing = 0;
		};
/* End PBXSourcesBuildPhase section */

/* Begin PBXTargetDependency section */
		AEBB62AE20C547D6001A4576 /* PBXTargetDependency */ = {
			isa = PBXTargetDependency;
			target = AEBB629720C547D3001A4576 /* Pachatary */;
			targetProxy = AEBB62AD20C547D6001A4576 /* PBXContainerItemProxy */;
		};
		AEBB62B920C547D6001A4576 /* PBXTargetDependency */ = {
			isa = PBXTargetDependency;
			target = AEBB629720C547D3001A4576 /* Pachatary */;
			targetProxy = AEBB62B820C547D6001A4576 /* PBXContainerItemProxy */;
		};
/* End PBXTargetDependency section */

/* Begin PBXVariantGroup section */
		AEBB629F20C547D3001A4576 /* Main.storyboard */ = {
			isa = PBXVariantGroup;
			children = (
				AEBB62A020C547D3001A4576 /* Base */,
			);
			name = Main.storyboard;
			sourceTree = "<group>";
		};
		AEBB62A420C547D6001A4576 /* LaunchScreen.storyboard */ = {
			isa = PBXVariantGroup;
			children = (
				AEBB62A520C547D6001A4576 /* Base */,
			);
			name = LaunchScreen.storyboard;
			sourceTree = "<group>";
		};
/* End PBXVariantGroup section */

/* Begin XCBuildConfiguration section */
		AEBB62BE20C547D6001A4576 /* Debug */ = {
			isa = XCBuildConfiguration;
			buildSettings = {
				ALWAYS_SEARCH_USER_PATHS = NO;
				CLANG_ANALYZER_NONNULL = YES;
				CLANG_ANALYZER_NUMBER_OBJECT_CONVERSION = YES_AGGRESSIVE;
				CLANG_CXX_LANGUAGE_STANDARD = "gnu++14";
				CLANG_CXX_LIBRARY = "libc++";
				CLANG_ENABLE_MODULES = YES;
				CLANG_ENABLE_OBJC_ARC = YES;
				CLANG_ENABLE_OBJC_WEAK = YES;
				CLANG_WARN_BLOCK_CAPTURE_AUTORELEASING = YES;
				CLANG_WARN_BOOL_CONVERSION = YES;
				CLANG_WARN_COMMA = YES;
				CLANG_WARN_CONSTANT_CONVERSION = YES;
				CLANG_WARN_DEPRECATED_OBJC_IMPLEMENTATIONS = YES;
				CLANG_WARN_DIRECT_OBJC_ISA_USAGE = YES_ERROR;
				CLANG_WARN_DOCUMENTATION_COMMENTS = YES;
				CLANG_WARN_EMPTY_BODY = YES;
				CLANG_WARN_ENUM_CONVERSION = YES;
				CLANG_WARN_INFINITE_RECURSION = YES;
				CLANG_WARN_INT_CONVERSION = YES;
				CLANG_WARN_NON_LITERAL_NULL_CONVERSION = YES;
				CLANG_WARN_OBJC_IMPLICIT_RETAIN_SELF = YES;
				CLANG_WARN_OBJC_LITERAL_CONVERSION = YES;
				CLANG_WARN_OBJC_ROOT_CLASS = YES_ERROR;
				CLANG_WARN_RANGE_LOOP_ANALYSIS = YES;
				CLANG_WARN_STRICT_PROTOTYPES = YES;
				CLANG_WARN_SUSPICIOUS_MOVE = YES;
				CLANG_WARN_UNGUARDED_AVAILABILITY = YES_AGGRESSIVE;
				CLANG_WARN_UNREACHABLE_CODE = YES;
				CLANG_WARN__DUPLICATE_METHOD_MATCH = YES;
				CODE_SIGN_IDENTITY = "iPhone Developer";
				COPY_PHASE_STRIP = NO;
				DEBUG_INFORMATION_FORMAT = dwarf;
				ENABLE_STRICT_OBJC_MSGSEND = YES;
				ENABLE_TESTABILITY = YES;
				GCC_C_LANGUAGE_STANDARD = gnu11;
				GCC_DYNAMIC_NO_PIC = NO;
				GCC_NO_COMMON_BLOCKS = YES;
				GCC_OPTIMIZATION_LEVEL = 0;
				GCC_PREPROCESSOR_DEFINITIONS = (
					"DEBUG=1",
					"$(inherited)",
				);
				GCC_WARN_64_TO_32_BIT_CONVERSION = YES;
				GCC_WARN_ABOUT_RETURN_TYPE = YES_ERROR;
				GCC_WARN_UNDECLARED_SELECTOR = YES;
				GCC_WARN_UNINITIALIZED_AUTOS = YES_AGGRESSIVE;
				GCC_WARN_UNUSED_FUNCTION = YES;
				GCC_WARN_UNUSED_VARIABLE = YES;
				IPHONEOS_DEPLOYMENT_TARGET = 11.4;
				MTL_ENABLE_DEBUG_INFO = YES;
				ONLY_ACTIVE_ARCH = YES;
				"OTHER_SWIFT_FLAGS[arch=*]" = "-D DEBUG";
				SDKROOT = iphoneos;
				SWIFT_ACTIVE_COMPILATION_CONDITIONS = DEBUG;
				SWIFT_OPTIMIZATION_LEVEL = "-Onone";
			};
			name = Debug;
		};
		AEBB62BF20C547D6001A4576 /* Release */ = {
			isa = XCBuildConfiguration;
			buildSettings = {
				ALWAYS_SEARCH_USER_PATHS = NO;
				CLANG_ANALYZER_NONNULL = YES;
				CLANG_ANALYZER_NUMBER_OBJECT_CONVERSION = YES_AGGRESSIVE;
				CLANG_CXX_LANGUAGE_STANDARD = "gnu++14";
				CLANG_CXX_LIBRARY = "libc++";
				CLANG_ENABLE_MODULES = YES;
				CLANG_ENABLE_OBJC_ARC = YES;
				CLANG_ENABLE_OBJC_WEAK = YES;
				CLANG_WARN_BLOCK_CAPTURE_AUTORELEASING = YES;
				CLANG_WARN_BOOL_CONVERSION = YES;
				CLANG_WARN_COMMA = YES;
				CLANG_WARN_CONSTANT_CONVERSION = YES;
				CLANG_WARN_DEPRECATED_OBJC_IMPLEMENTATIONS = YES;
				CLANG_WARN_DIRECT_OBJC_ISA_USAGE = YES_ERROR;
				CLANG_WARN_DOCUMENTATION_COMMENTS = YES;
				CLANG_WARN_EMPTY_BODY = YES;
				CLANG_WARN_ENUM_CONVERSION = YES;
				CLANG_WARN_INFINITE_RECURSION = YES;
				CLANG_WARN_INT_CONVERSION = YES;
				CLANG_WARN_NON_LITERAL_NULL_CONVERSION = YES;
				CLANG_WARN_OBJC_IMPLICIT_RETAIN_SELF = YES;
				CLANG_WARN_OBJC_LITERAL_CONVERSION = YES;
				CLANG_WARN_OBJC_ROOT_CLASS = YES_ERROR;
				CLANG_WARN_RANGE_LOOP_ANALYSIS = YES;
				CLANG_WARN_STRICT_PROTOTYPES = YES;
				CLANG_WARN_SUSPICIOUS_MOVE = YES;
				CLANG_WARN_UNGUARDED_AVAILABILITY = YES_AGGRESSIVE;
				CLANG_WARN_UNREACHABLE_CODE = YES;
				CLANG_WARN__DUPLICATE_METHOD_MATCH = YES;
				CODE_SIGN_IDENTITY = "iPhone Developer";
				COPY_PHASE_STRIP = NO;
				DEBUG_INFORMATION_FORMAT = "dwarf-with-dsym";
				ENABLE_NS_ASSERTIONS = NO;
				ENABLE_STRICT_OBJC_MSGSEND = YES;
				GCC_C_LANGUAGE_STANDARD = gnu11;
				GCC_NO_COMMON_BLOCKS = YES;
				GCC_WARN_64_TO_32_BIT_CONVERSION = YES;
				GCC_WARN_ABOUT_RETURN_TYPE = YES_ERROR;
				GCC_WARN_UNDECLARED_SELECTOR = YES;
				GCC_WARN_UNINITIALIZED_AUTOS = YES_AGGRESSIVE;
				GCC_WARN_UNUSED_FUNCTION = YES;
				GCC_WARN_UNUSED_VARIABLE = YES;
				IPHONEOS_DEPLOYMENT_TARGET = 11.4;
				MTL_ENABLE_DEBUG_INFO = NO;
				SDKROOT = iphoneos;
				SWIFT_COMPILATION_MODE = wholemodule;
				SWIFT_OPTIMIZATION_LEVEL = "-O";
				VALIDATE_PRODUCT = YES;
			};
			name = Release;
		};
		AEBB62C120C547D6001A4576 /* Debug */ = {
			isa = XCBuildConfiguration;
			baseConfigurationReference = DAF4095E340B87EBAF7D0C10 /* Pods-Pachatary.debug.xcconfig */;
			buildSettings = {
				ASSETCATALOG_COMPILER_APPICON_NAME = AppIcon;
				CODE_SIGN_STYLE = Automatic;
				INFOPLIST_FILE = Pachatary/Info.plist;
				IPHONEOS_DEPLOYMENT_TARGET = 9.3;
				LD_RUNPATH_SEARCH_PATHS = (
					"$(inherited)",
					"@executable_path/Frameworks",
				);
				PRODUCT_BUNDLE_IDENTIFIER = com.pachatary.Pachatary;
				PRODUCT_NAME = "$(TARGET_NAME)";
				SWIFT_VERSION = 4.0;
				TARGETED_DEVICE_FAMILY = "1,2";
			};
			name = Debug;
		};
		AEBB62C220C547D6001A4576 /* Release */ = {
			isa = XCBuildConfiguration;
			baseConfigurationReference = E8E39039E41A109F6D0281D2 /* Pods-Pachatary.release.xcconfig */;
			buildSettings = {
				ASSETCATALOG_COMPILER_APPICON_NAME = AppIcon;
				CODE_SIGN_STYLE = Automatic;
				INFOPLIST_FILE = Pachatary/Info.plist;
				IPHONEOS_DEPLOYMENT_TARGET = 9.3;
				LD_RUNPATH_SEARCH_PATHS = (
					"$(inherited)",
					"@executable_path/Frameworks",
				);
				PRODUCT_BUNDLE_IDENTIFIER = com.pachatary.Pachatary;
				PRODUCT_NAME = "$(TARGET_NAME)";
				SWIFT_VERSION = 4.0;
				TARGETED_DEVICE_FAMILY = "1,2";
			};
			name = Release;
		};
		AEBB62C420C547D6001A4576 /* Debug */ = {
			isa = XCBuildConfiguration;
			baseConfigurationReference = CBC254374080C1DC71C218C9 /* Pods-PachataryTests.debug.xcconfig */;
			buildSettings = {
				ALWAYS_EMBED_SWIFT_STANDARD_LIBRARIES = YES;
				BUNDLE_LOADER = "$(TEST_HOST)";
				CODE_SIGN_STYLE = Automatic;
				INFOPLIST_FILE = PachataryTests/Info.plist;
				LD_RUNPATH_SEARCH_PATHS = (
					"$(inherited)",
					"@executable_path/Frameworks",
					"@loader_path/Frameworks",
				);
				PRODUCT_BUNDLE_IDENTIFIER = com.pachatary.PachataryTests;
				PRODUCT_NAME = "$(TARGET_NAME)";
				SWIFT_VERSION = 4.0;
				TARGETED_DEVICE_FAMILY = "1,2";
				TEST_HOST = "$(BUILT_PRODUCTS_DIR)/Pachatary.app/Pachatary";
			};
			name = Debug;
		};
		AEBB62C520C547D6001A4576 /* Release */ = {
			isa = XCBuildConfiguration;
			baseConfigurationReference = EBB031116D82E573AF1F4A27 /* Pods-PachataryTests.release.xcconfig */;
			buildSettings = {
				ALWAYS_EMBED_SWIFT_STANDARD_LIBRARIES = YES;
				BUNDLE_LOADER = "$(TEST_HOST)";
				CODE_SIGN_STYLE = Automatic;
				INFOPLIST_FILE = PachataryTests/Info.plist;
				LD_RUNPATH_SEARCH_PATHS = (
					"$(inherited)",
					"@executable_path/Frameworks",
					"@loader_path/Frameworks",
				);
				PRODUCT_BUNDLE_IDENTIFIER = com.pachatary.PachataryTests;
				PRODUCT_NAME = "$(TARGET_NAME)";
				SWIFT_VERSION = 4.0;
				TARGETED_DEVICE_FAMILY = "1,2";
				TEST_HOST = "$(BUILT_PRODUCTS_DIR)/Pachatary.app/Pachatary";
			};
			name = Release;
		};
		AEBB62C720C547D6001A4576 /* Debug */ = {
			isa = XCBuildConfiguration;
			baseConfigurationReference = 1DFE72F63DF3E7507D4FF8B8 /* Pods-PachataryUITests.debug.xcconfig */;
			buildSettings = {
				ALWAYS_EMBED_SWIFT_STANDARD_LIBRARIES = YES;
				CODE_SIGN_STYLE = Automatic;
				INFOPLIST_FILE = PachataryUITests/Info.plist;
				LD_RUNPATH_SEARCH_PATHS = (
					"$(inherited)",
					"@executable_path/Frameworks",
					"@loader_path/Frameworks",
				);
				PRODUCT_BUNDLE_IDENTIFIER = com.pachatary.PachataryUITests;
				PRODUCT_NAME = "$(TARGET_NAME)";
				SWIFT_VERSION = 4.0;
				TARGETED_DEVICE_FAMILY = "1,2";
				TEST_TARGET_NAME = Pachatary;
			};
			name = Debug;
		};
		AEBB62C820C547D6001A4576 /* Release */ = {
			isa = XCBuildConfiguration;
			baseConfigurationReference = 386DAF74E9D4D63994E5E77E /* Pods-PachataryUITests.release.xcconfig */;
			buildSettings = {
				ALWAYS_EMBED_SWIFT_STANDARD_LIBRARIES = YES;
				CODE_SIGN_STYLE = Automatic;
				INFOPLIST_FILE = PachataryUITests/Info.plist;
				LD_RUNPATH_SEARCH_PATHS = (
					"$(inherited)",
					"@executable_path/Frameworks",
					"@loader_path/Frameworks",
				);
				PRODUCT_BUNDLE_IDENTIFIER = com.pachatary.PachataryUITests;
				PRODUCT_NAME = "$(TARGET_NAME)";
				SWIFT_VERSION = 4.0;
				TARGETED_DEVICE_FAMILY = "1,2";
				TEST_TARGET_NAME = Pachatary;
			};
			name = Release;
		};
/* End XCBuildConfiguration section */

/* Begin XCConfigurationList section */
		AEBB629320C547D3001A4576 /* Build configuration list for PBXProject "Pachatary" */ = {
			isa = XCConfigurationList;
			buildConfigurations = (
				AEBB62BE20C547D6001A4576 /* Debug */,
				AEBB62BF20C547D6001A4576 /* Release */,
			);
			defaultConfigurationIsVisible = 0;
			defaultConfigurationName = Debug;
		};
		AEBB62C020C547D6001A4576 /* Build configuration list for PBXNativeTarget "Pachatary" */ = {
			isa = XCConfigurationList;
			buildConfigurations = (
				AEBB62C120C547D6001A4576 /* Debug */,
				AEBB62C220C547D6001A4576 /* Release */,
			);
			defaultConfigurationIsVisible = 0;
			defaultConfigurationName = Debug;
		};
		AEBB62C320C547D6001A4576 /* Build configuration list for PBXNativeTarget "PachataryTests" */ = {
			isa = XCConfigurationList;
			buildConfigurations = (
				AEBB62C420C547D6001A4576 /* Debug */,
				AEBB62C520C547D6001A4576 /* Release */,
			);
			defaultConfigurationIsVisible = 0;
			defaultConfigurationName = Debug;
		};
		AEBB62C620C547D6001A4576 /* Build configuration list for PBXNativeTarget "PachataryUITests" */ = {
			isa = XCConfigurationList;
			buildConfigurations = (
				AEBB62C720C547D6001A4576 /* Debug */,
				AEBB62C820C547D6001A4576 /* Release */,
			);
			defaultConfigurationIsVisible = 0;
			defaultConfigurationName = Debug;
		};
/* End XCConfigurationList section */
	};
	rootObject = AEBB629020C547D3001A4576 /* Project object */;
}
